// !$*UTF8*$!
{
	archiveVersion = 1;
	classes = {
	};
	objectVersion = 46;
	objects = {

/* Begin PBXBuildFile section */
		14BD6258166D9F5700BED584 /* MainPageViewController.m in Sources */ = {isa = PBXBuildFile; fileRef = 14BD6256166D9F5700BED584 /* MainPageViewController.m */; };
		14BD6259166D9F5700BED584 /* MainPageViewController.xib in Resources */ = {isa = PBXBuildFile; fileRef = 14BD6257166D9F5700BED584 /* MainPageViewController.xib */; };
		183DAB55166C450000788B0E /* UIKit.framework in Frameworks */ = {isa = PBXBuildFile; fileRef = 183DAB54166C450000788B0E /* UIKit.framework */; };
		183DAB57166C450000788B0E /* Foundation.framework in Frameworks */ = {isa = PBXBuildFile; fileRef = 183DAB56166C450000788B0E /* Foundation.framework */; };
		183DAB59166C450000788B0E /* CoreGraphics.framework in Frameworks */ = {isa = PBXBuildFile; fileRef = 183DAB58166C450000788B0E /* CoreGraphics.framework */; };
		183DAB5F166C450000788B0E /* InfoPlist.strings in Resources */ = {isa = PBXBuildFile; fileRef = 183DAB5D166C450000788B0E /* InfoPlist.strings */; };
		183DAB61166C450000788B0E /* main.m in Sources */ = {isa = PBXBuildFile; fileRef = 183DAB60166C450000788B0E /* main.m */; };
		183DAB65166C450000788B0E /* AppDelegate.m in Sources */ = {isa = PBXBuildFile; fileRef = 183DAB64166C450000788B0E /* AppDelegate.m */; };
		183DAB76166C473700788B0E /* AppContext.m in Sources */ = {isa = PBXBuildFile; fileRef = 183DAB75166C473700788B0E /* AppContext.m */; };
		183DAB79166C475E00788B0E /* AppContextHandler.m in Sources */ = {isa = PBXBuildFile; fileRef = 183DAB78166C475E00788B0E /* AppContextHandler.m */; };
		183DAB7D166C480200788B0E /* MockServiceShell.m in Sources */ = {isa = PBXBuildFile; fileRef = 183DAB7C166C480200788B0E /* MockServiceShell.m */; };
		183DAB81166C49AF00788B0E /* User.m in Sources */ = {isa = PBXBuildFile; fileRef = 183DAB80166C49AF00788B0E /* User.m */; };
/* End PBXBuildFile section */

/* Begin PBXFileReference section */
		14BD6255166D9F5700BED584 /* MainPageViewController.h */ = {isa = PBXFileReference; fileEncoding = 4; lastKnownFileType = sourcecode.c.h; path = MainPageViewController.h; sourceTree = "<group>"; };
		14BD6256166D9F5700BED584 /* MainPageViewController.m */ = {isa = PBXFileReference; fileEncoding = 4; lastKnownFileType = sourcecode.c.objc; path = MainPageViewController.m; sourceTree = "<group>"; };
		14BD6257166D9F5700BED584 /* MainPageViewController.xib */ = {isa = PBXFileReference; fileEncoding = 4; lastKnownFileType = file.xib; path = MainPageViewController.xib; sourceTree = "<group>"; };
		183DAB50166C450000788B0E /* Camellia.app */ = {isa = PBXFileReference; explicitFileType = wrapper.application; includeInIndex = 0; path = Camellia.app; sourceTree = BUILT_PRODUCTS_DIR; };
		183DAB54166C450000788B0E /* UIKit.framework */ = {isa = PBXFileReference; lastKnownFileType = wrapper.framework; name = UIKit.framework; path = System/Library/Frameworks/UIKit.framework; sourceTree = SDKROOT; };
		183DAB56166C450000788B0E /* Foundation.framework */ = {isa = PBXFileReference; lastKnownFileType = wrapper.framework; name = Foundation.framework; path = System/Library/Frameworks/Foundation.framework; sourceTree = SDKROOT; };
		183DAB58166C450000788B0E /* CoreGraphics.framework */ = {isa = PBXFileReference; lastKnownFileType = wrapper.framework; name = CoreGraphics.framework; path = System/Library/Frameworks/CoreGraphics.framework; sourceTree = SDKROOT; };
		183DAB5C166C450000788B0E /* Camellia-Info.plist */ = {isa = PBXFileReference; lastKnownFileType = text.plist.xml; path = "Camellia-Info.plist"; sourceTree = "<group>"; };
		183DAB5E166C450000788B0E /* en */ = {isa = PBXFileReference; lastKnownFileType = text.plist.strings; name = en; path = en.lproj/InfoPlist.strings; sourceTree = "<group>"; };
		183DAB60166C450000788B0E /* main.m */ = {isa = PBXFileReference; lastKnownFileType = sourcecode.c.objc; path = main.m; sourceTree = "<group>"; };
		183DAB62166C450000788B0E /* Camellia-Prefix.pch */ = {isa = PBXFileReference; lastKnownFileType = sourcecode.c.h; path = "Camellia-Prefix.pch"; sourceTree = "<group>"; };
		183DAB63166C450000788B0E /* AppDelegate.h */ = {isa = PBXFileReference; lastKnownFileType = sourcecode.c.h; path = AppDelegate.h; sourceTree = "<group>"; };
		183DAB64166C450000788B0E /* AppDelegate.m */ = {isa = PBXFileReference; lastKnownFileType = sourcecode.c.objc; path = AppDelegate.m; sourceTree = "<group>"; };
		183DAB72166C466200788B0E /* ServiceShell.h */ = {isa = PBXFileReference; lastKnownFileType = sourcecode.c.h; path = ServiceShell.h; sourceTree = "<group>"; };
		183DAB73166C46D200788B0E /* ServiceShellDelegate.h */ = {isa = PBXFileReference; lastKnownFileType = sourcecode.c.h; path = ServiceShellDelegate.h; sourceTree = "<group>"; };
		183DAB74166C473700788B0E /* AppContext.h */ = {isa = PBXFileReference; fileEncoding = 4; lastKnownFileType = sourcecode.c.h; path = AppContext.h; sourceTree = "<group>"; };
		183DAB75166C473700788B0E /* AppContext.m */ = {isa = PBXFileReference; fileEncoding = 4; lastKnownFileType = sourcecode.c.objc; path = AppContext.m; sourceTree = "<group>"; };
		183DAB77166C475E00788B0E /* AppContextHandler.h */ = {isa = PBXFileReference; fileEncoding = 4; lastKnownFileType = sourcecode.c.h; path = AppContextHandler.h; sourceTree = "<group>"; };
		183DAB78166C475E00788B0E /* AppContextHandler.m */ = {isa = PBXFileReference; fileEncoding = 4; lastKnownFileType = sourcecode.c.objc; path = AppContextHandler.m; sourceTree = "<group>"; };
		183DAB7B166C480200788B0E /* MockServiceShell.h */ = {isa = PBXFileReference; fileEncoding = 4; lastKnownFileType = sourcecode.c.h; path = MockServiceShell.h; sourceTree = "<group>"; };
		183DAB7C166C480200788B0E /* MockServiceShell.m */ = {isa = PBXFileReference; fileEncoding = 4; lastKnownFileType = sourcecode.c.objc; path = MockServiceShell.m; sourceTree = "<group>"; };
		183DAB7F166C49AF00788B0E /* User.h */ = {isa = PBXFileReference; fileEncoding = 4; lastKnownFileType = sourcecode.c.h; path = User.h; sourceTree = "<group>"; };
		183DAB80166C49AF00788B0E /* User.m */ = {isa = PBXFileReference; fileEncoding = 4; lastKnownFileType = sourcecode.c.objc; path = User.m; sourceTree = "<group>"; };
/* End PBXFileReference section */

/* Begin PBXFrameworksBuildPhase section */
		183DAB4D166C450000788B0E /* Frameworks */ = {
			isa = PBXFrameworksBuildPhase;
			buildActionMask = 2147483647;
			files = (
				183DAB55166C450000788B0E /* UIKit.framework in Frameworks */,
				183DAB57166C450000788B0E /* Foundation.framework in Frameworks */,
				183DAB59166C450000788B0E /* CoreGraphics.framework in Frameworks */,
			);
			runOnlyForDeploymentPostprocessing = 0;
		};
/* End PBXFrameworksBuildPhase section */

/* Begin PBXGroup section */
		14BD61FC166D995600BED584 /* RelatedResources */ = {
			isa = PBXGroup;
			children = (
			);
			path = RelatedResources;
			sourceTree = "<group>";
		};
		14BD6206166D9BCE00BED584 /* Model */ = {
			isa = PBXGroup;
			children = (
				14BD6272166DABB500BED584 /* ChooseSeatOnlineData */,
				14BD6271166DAB2F00BED584 /* TicketResvervationData */,
				14BD6270166DAAAD00BED584 /* TravelAssistantData */,
				14BD626F166DAA5700BED584 /* UserCenterData */,
				14BD626E166DAA2A00BED584 /* PublicData */,
				183DAB7E166C499A00788B0E /* Data */,
			);
			path = Model;
			sourceTree = "<group>";
		};
		14BD6247166D9E0200BED584 /* View */ = {
			isa = PBXGroup;
			children = (
			);
			path = View;
			sourceTree = "<group>";
		};
		14BD6248166D9E1200BED584 /* Controller */ = {
			isa = PBXGroup;
			children = (
				14BD626D166DA8FF00BED584 /* TravelAssistant */,
				14BD626C166DA70C00BED584 /* TicketReservation */,
				14BD626B166DA6AC00BED584 /* ChooseSeatOnline */,
				14BD626A166DA65800BED584 /* MyCenter */,
				14BD6255166D9F5700BED584 /* MainPageViewController.h */,
				14BD6256166D9F5700BED584 /* MainPageViewController.m */,
				14BD6257166D9F5700BED584 /* MainPageViewController.xib */,
			);
			path = Controller;
			sourceTree = "<group>";
		};
		14BD626A166DA65800BED584 /* MyCenter */ = {
			isa = PBXGroup;
			children = (
			);
			path = MyCenter;
			sourceTree = "<group>";
		};
		14BD626B166DA6AC00BED584 /* ChooseSeatOnline */ = {
			isa = PBXGroup;
			children = (
			);
			path = ChooseSeatOnline;
			sourceTree = "<group>";
		};
		14BD626C166DA70C00BED584 /* TicketReservation */ = {
			isa = PBXGroup;
			children = (
				14BD6280166DD13E00BED584 /* SpecialOrder */,
				14BD627B166DCB8900BED584 /* TwoWayCheckResult */,
				14BD627A166DCB4200BED584 /* OneWayCheckResult */,
				14BD6279166DC65900BED584 /* NoQueryResult */,
				14BD6278166DC5A100BED584 /* HistoryCheck */,
				14BD6277166DC46D00BED584 /* TicketCheckMainViewController */,
			);
			path = TicketReservation;
			sourceTree = "<group>";
		};
		14BD626D166DA8FF00BED584 /* TravelAssistant */ = {
			isa = PBXGroup;
			children = (
			);
			path = TravelAssistant;
			sourceTree = "<group>";
		};
		14BD626E166DAA2A00BED584 /* PublicData */ = {
			isa = PBXGroup;
			children = (
			);
			path = PublicData;
			sourceTree = "<group>";
		};
		14BD626F166DAA5700BED584 /* UserCenterData */ = {
			isa = PBXGroup;
			children = (
			);
			path = UserCenterData;
			sourceTree = "<group>";
		};
		14BD6270166DAAAD00BED584 /* TravelAssistantData */ = {
			isa = PBXGroup;
			children = (
			);
			path = TravelAssistantData;
			sourceTree = "<group>";
		};
		14BD6271166DAB2F00BED584 /* TicketResvervationData */ = {
			isa = PBXGroup;
			children = (
			);
			path = TicketResvervationData;
			sourceTree = "<group>";
		};
		14BD6272166DABB500BED584 /* ChooseSeatOnlineData */ = {
			isa = PBXGroup;
			children = (
			);
			path = ChooseSeatOnlineData;
			sourceTree = "<group>";
		};
		14BD6277166DC46D00BED584 /* TicketCheckMainViewController */ = {
			isa = PBXGroup;
			children = (
			);
			path = TicketCheckMainViewController;
			sourceTree = "<group>";
		};
		14BD6278166DC5A100BED584 /* HistoryCheck */ = {
			isa = PBXGroup;
			children = (
			);
			path = HistoryCheck;
			sourceTree = "<group>";
		};
		14BD6279166DC65900BED584 /* NoQueryResult */ = {
			isa = PBXGroup;
			children = (
			);
			path = NoQueryResult;
			sourceTree = "<group>";
		};
		14BD627A166DCB4200BED584 /* OneWayCheckResult */ = {
			isa = PBXGroup;
			children = (
			);
			path = OneWayCheckResult;
			sourceTree = "<group>";
		};
		14BD627B166DCB8900BED584 /* TwoWayCheckResult */ = {
			isa = PBXGroup;
			children = (
			);
			path = TwoWayCheckResult;
			sourceTree = "<group>";
		};
		14BD6280166DD13E00BED584 /* SpecialOrder */ = {
			isa = PBXGroup;
			children = (
			);
			path = SpecialOrder;
			sourceTree = "<group>";
		};
		183DAB45166C450000788B0E = {
			isa = PBXGroup;
			children = (
				14BD6248166D9E1200BED584 /* Controller */,
				14BD6247166D9E0200BED584 /* View */,
				14BD6206166D9BCE00BED584 /* Model */,
				14BD61FC166D995600BED584 /* RelatedResources */,
				183DAB7A166C47F000788B0E /* Mock */,
				183DAB71166C464700788B0E /* Business */,
				183DAB5A166C450000788B0E /* Camellia */,
				183DAB53166C450000788B0E /* Frameworks */,
				183DAB51166C450000788B0E /* Products */,
			);
			sourceTree = "<group>";
		};
		183DAB51166C450000788B0E /* Products */ = {
			isa = PBXGroup;
			children = (
				183DAB50166C450000788B0E /* Camellia.app */,
			);
			name = Products;
			sourceTree = "<group>";
		};
		183DAB53166C450000788B0E /* Frameworks */ = {
			isa = PBXGroup;
			children = (
				183DAB54166C450000788B0E /* UIKit.framework */,
				183DAB56166C450000788B0E /* Foundation.framework */,
				183DAB58166C450000788B0E /* CoreGraphics.framework */,
			);
			name = Frameworks;
			sourceTree = "<group>";
		};
		183DAB5A166C450000788B0E /* Camellia */ = {
			isa = PBXGroup;
			children = (
				183DAB63166C450000788B0E /* AppDelegate.h */,
				183DAB64166C450000788B0E /* AppDelegate.m */,
				183DAB5B166C450000788B0E /* Supporting Files */,
			);
			path = Camellia;
			sourceTree = "<group>";
		};
		183DAB5B166C450000788B0E /* Supporting Files */ = {
			isa = PBXGroup;
			children = (
				183DAB5C166C450000788B0E /* Camellia-Info.plist */,
				183DAB5D166C450000788B0E /* InfoPlist.strings */,
				183DAB60166C450000788B0E /* main.m */,
				183DAB62166C450000788B0E /* Camellia-Prefix.pch */,
			);
			name = "Supporting Files";
			sourceTree = "<group>";
		};
		183DAB71166C464700788B0E /* Business */ = {
			isa = PBXGroup;
			children = (
				183DAB72166C466200788B0E /* ServiceShell.h */,
				183DAB73166C46D200788B0E /* ServiceShellDelegate.h */,
				183DAB74166C473700788B0E /* AppContext.h */,
				183DAB75166C473700788B0E /* AppContext.m */,
				183DAB77166C475E00788B0E /* AppContextHandler.h */,
				183DAB78166C475E00788B0E /* AppContextHandler.m */,
			);
			name = Business;
			sourceTree = "<group>";
		};
		183DAB7A166C47F000788B0E /* Mock */ = {
			isa = PBXGroup;
			children = (
				183DAB7B166C480200788B0E /* MockServiceShell.h */,
				183DAB7C166C480200788B0E /* MockServiceShell.m */,
			);
			name = Mock;
			sourceTree = "<group>";
		};
		183DAB7E166C499A00788B0E /* Data */ = {
			isa = PBXGroup;
			children = (
				183DAB7F166C49AF00788B0E /* User.h */,
				183DAB80166C49AF00788B0E /* User.m */,
			);
			name = Data;
			path = ..;
			sourceTree = "<group>";
		};
/* End PBXGroup section */

/* Begin PBXNativeTarget section */
		183DAB4F166C450000788B0E /* Camellia */ = {
			isa = PBXNativeTarget;
			buildConfigurationList = 183DAB6E166C450000788B0E /* Build configuration list for PBXNativeTarget "Camellia" */;
			buildPhases = (
				183DAB4C166C450000788B0E /* Sources */,
				183DAB4D166C450000788B0E /* Frameworks */,
				183DAB4E166C450000788B0E /* Resources */,
			);
			buildRules = (
			);
			dependencies = (
			);
			name = Camellia;
			productName = Camellia;
			productReference = 183DAB50166C450000788B0E /* Camellia.app */;
			productType = "com.apple.product-type.application";
		};
/* End PBXNativeTarget section */

/* Begin PBXProject section */
		183DAB47166C450000788B0E /* Project object */ = {
			isa = PBXProject;
			attributes = {
				LastUpgradeCheck = 0430;
				ORGANIZATIONNAME = LIANYOU;
			};
			buildConfigurationList = 183DAB4A166C450000788B0E /* Build configuration list for PBXProject "Camellia" */;
			compatibilityVersion = "Xcode 3.2";
			developmentRegion = English;
			hasScannedForEncodings = 0;
			knownRegions = (
				en,
			);
			mainGroup = 183DAB45166C450000788B0E;
			productRefGroup = 183DAB51166C450000788B0E /* Products */;
			projectDirPath = "";
			projectRoot = "";
			targets = (
				183DAB4F166C450000788B0E /* Camellia */,
			);
		};
/* End PBXProject section */

/* Begin PBXResourcesBuildPhase section */
		183DAB4E166C450000788B0E /* Resources */ = {
			isa = PBXResourcesBuildPhase;
			buildActionMask = 2147483647;
			files = (
				183DAB5F166C450000788B0E /* InfoPlist.strings in Resources */,
				14BD6259166D9F5700BED584 /* MainPageViewController.xib in Resources */,
			);
			runOnlyForDeploymentPostprocessing = 0;
		};
/* End PBXResourcesBuildPhase section */

/* Begin PBXSourcesBuildPhase section */
		183DAB4C166C450000788B0E /* Sources */ = {
			isa = PBXSourcesBuildPhase;
			buildActionMask = 2147483647;
			files = (
				183DAB61166C450000788B0E /* main.m in Sources */,
				183DAB65166C450000788B0E /* AppDelegate.m in Sources */,
				183DAB76166C473700788B0E /* AppContext.m in Sources */,
				183DAB79166C475E00788B0E /* AppContextHandler.m in Sources */,
				183DAB7D166C480200788B0E /* MockServiceShell.m in Sources */,
				183DAB81166C49AF00788B0E /* User.m in Sources */,
				14BD6258166D9F5700BED584 /* MainPageViewController.m in Sources */,
			);
			runOnlyForDeploymentPostprocessing = 0;
		};
/* End PBXSourcesBuildPhase section */

/* Begin PBXVariantGroup section */
		183DAB5D166C450000788B0E /* InfoPlist.strings */ = {
			isa = PBXVariantGroup;
			children = (
				183DAB5E166C450000788B0E /* en */,
			);
			name = InfoPlist.strings;
			sourceTree = "<group>";
		};
/* End PBXVariantGroup section */

/* Begin XCBuildConfiguration section */
		183DAB6C166C450000788B0E /* Debug */ = {
			isa = XCBuildConfiguration;
			buildSettings = {
				ALWAYS_SEARCH_USER_PATHS = NO;
				ARCHS = "$(ARCHS_STANDARD_32_BIT)";
				"CODE_SIGN_IDENTITY[sdk=iphoneos*]" = "iPhone Developer";
				COPY_PHASE_STRIP = NO;
				GCC_C_LANGUAGE_STANDARD = gnu99;
				GCC_DYNAMIC_NO_PIC = NO;
				GCC_OPTIMIZATION_LEVEL = 0;
				GCC_PREPROCESSOR_DEFINITIONS = (
					"DEBUG=1",
					"$(inherited)",
				);
				GCC_SYMBOLS_PRIVATE_EXTERN = NO;
				GCC_VERSION = com.apple.compilers.llvm.clang.1_0;
				GCC_WARN_ABOUT_RETURN_TYPE = YES;
				GCC_WARN_UNINITIALIZED_AUTOS = YES;
				GCC_WARN_UNUSED_VARIABLE = YES;
				IPHONEOS_DEPLOYMENT_TARGET = 4.3;
				SDKROOT = iphoneos;
			};
			name = Debug;
		};
		183DAB6D166C450000788B0E /* Release */ = {
			isa = XCBuildConfiguration;
			buildSettings = {
				ALWAYS_SEARCH_USER_PATHS = NO;
				ARCHS = "$(ARCHS_STANDARD_32_BIT)";
				"CODE_SIGN_IDENTITY[sdk=iphoneos*]" = "iPhone Developer";
				COPY_PHASE_STRIP = YES;
				GCC_C_LANGUAGE_STANDARD = gnu99;
				GCC_VERSION = com.apple.compilers.llvm.clang.1_0;
				GCC_WARN_ABOUT_RETURN_TYPE = YES;
				GCC_WARN_UNINITIALIZED_AUTOS = YES;
				GCC_WARN_UNUSED_VARIABLE = YES;
				IPHONEOS_DEPLOYMENT_TARGET = 4.3;
				OTHER_CFLAGS = "-DNS_BLOCK_ASSERTIONS=1";
				SDKROOT = iphoneos;
				VALIDATE_PRODUCT = YES;
			};
			name = Release;
		};
		183DAB6F166C450000788B0E /* Debug */ = {
			isa = XCBuildConfiguration;
			buildSettings = {
				GCC_PRECOMPILE_PREFIX_HEADER = YES;
				GCC_PREFIX_HEADER = "Camellia/Camellia-Prefix.pch";
				INFOPLIST_FILE = "Camellia/Camellia-Info.plist";
				IPHONEOS_DEPLOYMENT_TARGET = 4.3;
				PRODUCT_NAME = "$(TARGET_NAME)";
				WRAPPER_EXTENSION = app;
			};
			name = Debug;
		};
		183DAB70166C450000788B0E /* Release */ = {
			isa = XCBuildConfiguration;
			buildSettings = {
				GCC_PRECOMPILE_PREFIX_HEADER = YES;
				GCC_PREFIX_HEADER = "Camellia/Camellia-Prefix.pch";
				INFOPLIST_FILE = "Camellia/Camellia-Info.plist";
				IPHONEOS_DEPLOYMENT_TARGET = 4.3;
				PRODUCT_NAME = "$(TARGET_NAME)";
				WRAPPER_EXTENSION = app;
			};
			name = Release;
		};
/* End XCBuildConfiguration section */

/* Begin XCConfigurationList section */
		183DAB4A166C450000788B0E /* Build configuration list for PBXProject "Camellia" */ = {
			isa = XCConfigurationList;
			buildConfigurations = (
				183DAB6C166C450000788B0E /* Debug */,
				183DAB6D166C450000788B0E /* Release */,
			);
			defaultConfigurationIsVisible = 0;
			defaultConfigurationName = Release;
		};
		183DAB6E166C450000788B0E /* Build configuration list for PBXNativeTarget "Camellia" */ = {
			isa = XCConfigurationList;
			buildConfigurations = (
				183DAB6F166C450000788B0E /* Debug */,
				183DAB70166C450000788B0E /* Release */,
			);
			defaultConfigurationIsVisible = 0;
			defaultConfigurationName = Release;
		};
/* End XCConfigurationList section */
	};
	rootObject = 183DAB47166C450000788B0E /* Project object */;
}
