// !$*UTF8*$!
{
	archiveVersion = 1;
	classes = {
	};
	objectVersion = 46;
	objects = {

/* Begin PBXBuildFile section */
		14241AAF1679ADC600D84663 /* depart.png in Resources */ = {isa = PBXBuildFile; fileRef = 14241AAE1679ADC600D84663 /* depart.png */; };
		14241AB21679ADD700D84663 /* arrive.png in Resources */ = {isa = PBXBuildFile; fileRef = 14241AB11679ADD700D84663 /* arrive.png */; };
		14241ABA1679BD2200D84663 /* ChooseAirPortCell.m in Sources */ = {isa = PBXBuildFile; fileRef = 14241AB81679BD2200D84663 /* ChooseAirPortCell.m */; };
		14241ABB1679BD2200D84663 /* ChooseAirPortCell.xib in Resources */ = {isa = PBXBuildFile; fileRef = 14241AB91679BD2200D84663 /* ChooseAirPortCell.xib */; };
		14241AC01679BD2F00D84663 /* ChooseAirPortViewController.m in Sources */ = {isa = PBXBuildFile; fileRef = 14241ABE1679BD2F00D84663 /* ChooseAirPortViewController.m */; };
		14241AC11679BD2F00D84663 /* ChooseAirPortViewController.xib in Resources */ = {isa = PBXBuildFile; fileRef = 14241ABF1679BD2F00D84663 /* ChooseAirPortViewController.xib */; };
		14241AC91679BDEC00D84663 /* AutomaticPositioningCell.m in Sources */ = {isa = PBXBuildFile; fileRef = 14241AC71679BDEC00D84663 /* AutomaticPositioningCell.m */; };
		14241ACA1679BDEC00D84663 /* AutomaticPositioningCell.xib in Resources */ = {isa = PBXBuildFile; fileRef = 14241AC81679BDEC00D84663 /* AutomaticPositioningCell.xib */; };
		14241AD71679C05A00D84663 /* ChoosePersonCell.m in Sources */ = {isa = PBXBuildFile; fileRef = 14241AD51679C05A00D84663 /* ChoosePersonCell.m */; };
		14241AD81679C05A00D84663 /* ChoosePersonCell.xib in Resources */ = {isa = PBXBuildFile; fileRef = 14241AD61679C05A00D84663 /* ChoosePersonCell.xib */; };
		14241ADC1679C08700D84663 /* ChoosePersonController.m in Sources */ = {isa = PBXBuildFile; fileRef = 14241ADA1679C08700D84663 /* ChoosePersonController.m */; };
		14241ADD1679C08700D84663 /* ChoosePersonController.xib in Resources */ = {isa = PBXBuildFile; fileRef = 14241ADB1679C08700D84663 /* ChoosePersonController.xib */; };
		142793591670351F00E2E1E3 /* UIQuickHelp.m in Sources */ = {isa = PBXBuildFile; fileRef = 142793581670351F00E2E1E3 /* UIQuickHelp.m */; };
		1427935B1670361C00E2E1E3 /* QuartzCore.framework in Frameworks */ = {isa = PBXBuildFile; fileRef = 1427935A1670361C00E2E1E3 /* QuartzCore.framework */; };
		1427935F167039BB00E2E1E3 /* MyCenterController.m in Sources */ = {isa = PBXBuildFile; fileRef = 1427935D167039BB00E2E1E3 /* MyCenterController.m */; };
		14279360167039BB00E2E1E3 /* MyCenterController.xib in Resources */ = {isa = PBXBuildFile; fileRef = 1427935E167039BB00E2E1E3 /* MyCenterController.xib */; };
		1427936C1670412F00E2E1E3 /* BuyInsuranceViewController.m in Sources */ = {isa = PBXBuildFile; fileRef = 1427936A1670412F00E2E1E3 /* BuyInsuranceViewController.m */; };
		1427936D1670412F00E2E1E3 /* BuyInsuranceViewController.xib in Resources */ = {isa = PBXBuildFile; fileRef = 1427936B1670412F00E2E1E3 /* BuyInsuranceViewController.xib */; };
		1427937D16706AB100E2E1E3 /* ChooseSpaceViewController.m in Sources */ = {isa = PBXBuildFile; fileRef = 1427937B16706AB100E2E1E3 /* ChooseSpaceViewController.m */; };
		1427937E16706AB100E2E1E3 /* ChooseSpaceViewController.xib in Resources */ = {isa = PBXBuildFile; fileRef = 1427937C16706AB100E2E1E3 /* ChooseSpaceViewController.xib */; };
		142793821670792500E2E1E3 /* line.png in Resources */ = {isa = PBXBuildFile; fileRef = 142793811670792500E2E1E3 /* line.png */; };
		145394EA166F220D00417F61 /* UIKit.framework in Frameworks */ = {isa = PBXBuildFile; fileRef = 145394E9166F220D00417F61 /* UIKit.framework */; };
		145394EC166F220D00417F61 /* Foundation.framework in Frameworks */ = {isa = PBXBuildFile; fileRef = 145394EB166F220D00417F61 /* Foundation.framework */; };
		145394EE166F220D00417F61 /* CoreGraphics.framework in Frameworks */ = {isa = PBXBuildFile; fileRef = 145394ED166F220D00417F61 /* CoreGraphics.framework */; };
		145394F4166F220D00417F61 /* InfoPlist.strings in Resources */ = {isa = PBXBuildFile; fileRef = 145394F2166F220D00417F61 /* InfoPlist.strings */; };
		145394F6166F220E00417F61 /* main.m in Sources */ = {isa = PBXBuildFile; fileRef = 145394F5166F220E00417F61 /* main.m */; };
		145394FA166F220E00417F61 /* AppDelegate.m in Sources */ = {isa = PBXBuildFile; fileRef = 145394F9166F220E00417F61 /* AppDelegate.m */; };
		145394FC166F220E00417F61 /* Default.png in Resources */ = {isa = PBXBuildFile; fileRef = 145394FB166F220E00417F61 /* Default.png */; };
		145394FE166F220E00417F61 /* Default@2x.png in Resources */ = {isa = PBXBuildFile; fileRef = 145394FD166F220E00417F61 /* Default@2x.png */; };
		14539500166F220E00417F61 /* Default-568h@2x.png in Resources */ = {isa = PBXBuildFile; fileRef = 145394FF166F220E00417F61 /* Default-568h@2x.png */; };
		14539503166F220E00417F61 /* ViewController.m in Sources */ = {isa = PBXBuildFile; fileRef = 14539502166F220E00417F61 /* ViewController.m */; };
		14539506166F220E00417F61 /* ViewController.xib in Resources */ = {isa = PBXBuildFile; fileRef = 14539504166F220E00417F61 /* ViewController.xib */; };
		1453951D166F278000417F61 /* MyCenterViewController.m in Sources */ = {isa = PBXBuildFile; fileRef = 1453951B166F278000417F61 /* MyCenterViewController.m */; };
		1453951E166F278000417F61 /* MyCenterViewController.xib in Resources */ = {isa = PBXBuildFile; fileRef = 1453951C166F278000417F61 /* MyCenterViewController.xib */; };
		14805B8616782A8E00836353 /* AirPortDataBase.m in Sources */ = {isa = PBXBuildFile; fileRef = 14805B8516782A8E00836353 /* AirPortDataBase.m */; };
		14805B8A16782B2B00836353 /* AirPortData.m in Sources */ = {isa = PBXBuildFile; fileRef = 14805B8916782B2A00836353 /* AirPortData.m */; };
		14805B8C16782CF500836353 /* AirPortDataBase.sqlite in Resources */ = {isa = PBXBuildFile; fileRef = 14805B8B16782CF400836353 /* AirPortDataBase.sqlite */; };
		14805B8E1678349200836353 /* DataBaseVersionConfigure.plist in Resources */ = {isa = PBXBuildFile; fileRef = 14805B8D1678349100836353 /* DataBaseVersionConfigure.plist */; };
		14805B9116783A1400836353 /* AirPortDataBaseSingleton.m in Sources */ = {isa = PBXBuildFile; fileRef = 14805B9016783A1300836353 /* AirPortDataBaseSingleton.m */; };
		14805BA4167875E900836353 /* bg_pek.png in Resources */ = {isa = PBXBuildFile; fileRef = 14805BA3167875E900836353 /* bg_pek.png */; };
		14805BA61678760B00836353 /* icon_return.png in Resources */ = {isa = PBXBuildFile; fileRef = 14805BA51678760B00836353 /* icon_return.png */; };
		14ED61ED1672F16D0019DC23 /* FMDatabase.m in Sources */ = {isa = PBXBuildFile; fileRef = 14ED61E21672F16D0019DC23 /* FMDatabase.m */; };
		14ED61EE1672F16D0019DC23 /* FMDatabaseAdditions.m in Sources */ = {isa = PBXBuildFile; fileRef = 14ED61E41672F16D0019DC23 /* FMDatabaseAdditions.m */; };
		14ED61EF1672F16D0019DC23 /* FMDatabasePool.m in Sources */ = {isa = PBXBuildFile; fileRef = 14ED61E61672F16D0019DC23 /* FMDatabasePool.m */; };
		14ED61F01672F16D0019DC23 /* FMDatabaseQueue.m in Sources */ = {isa = PBXBuildFile; fileRef = 14ED61E81672F16D0019DC23 /* FMDatabaseQueue.m */; };
		14ED61F11672F16D0019DC23 /* FMDBd使用说明.txt in Resources */ = {isa = PBXBuildFile; fileRef = 14ED61E91672F16D0019DC23 /* FMDBd使用说明.txt */; };
		14ED61F21672F16D0019DC23 /* FMDB使用.html in Resources */ = {isa = PBXBuildFile; fileRef = 14ED61EA1672F16D0019DC23 /* FMDB使用.html */; };
		14ED61F31672F16D0019DC23 /* FMResultSet.m in Sources */ = {isa = PBXBuildFile; fileRef = 14ED61EC1672F16D0019DC23 /* FMResultSet.m */; };
		14ED61F61672F1960019DC23 /* libsqlite3.0.dylib in Frameworks */ = {isa = PBXBuildFile; fileRef = 14ED61F51672F1960019DC23 /* libsqlite3.0.dylib */; };
		180E22551671908E002A7228 /* ASIAuthenticationDialog.m in Sources */ = {isa = PBXBuildFile; fileRef = 180E22401671908E002A7228 /* ASIAuthenticationDialog.m */; };
		180E22561671908E002A7228 /* ASIDataCompressor.m in Sources */ = {isa = PBXBuildFile; fileRef = 180E22431671908E002A7228 /* ASIDataCompressor.m */; };
		180E22571671908E002A7228 /* ASIDataDecompressor.m in Sources */ = {isa = PBXBuildFile; fileRef = 180E22451671908E002A7228 /* ASIDataDecompressor.m */; };
		180E22581671908E002A7228 /* ASIDownloadCache.m in Sources */ = {isa = PBXBuildFile; fileRef = 180E22471671908E002A7228 /* ASIDownloadCache.m */; };
		180E22591671908E002A7228 /* ASIFormDataRequest.m in Sources */ = {isa = PBXBuildFile; fileRef = 180E22491671908E002A7228 /* ASIFormDataRequest.m */; };
		180E225A1671908E002A7228 /* ASIHTTPRequest.m in Sources */ = {isa = PBXBuildFile; fileRef = 180E224B1671908E002A7228 /* ASIHTTPRequest.m */; };
		180E225B1671908E002A7228 /* ASIInputStream.m in Sources */ = {isa = PBXBuildFile; fileRef = 180E224F1671908E002A7228 /* ASIInputStream.m */; };
		180E225C1671908E002A7228 /* ASINetworkQueue.m in Sources */ = {isa = PBXBuildFile; fileRef = 180E22511671908E002A7228 /* ASINetworkQueue.m */; };
		180E225D1671908E002A7228 /* Reachability.m in Sources */ = {isa = PBXBuildFile; fileRef = 180E22541671908E002A7228 /* Reachability.m */; };
		180E226316719094002A7228 /* CHANGELOG.md in Resources */ = {isa = PBXBuildFile; fileRef = 180E225F16719094002A7228 /* CHANGELOG.md */; };
		180E226416719094002A7228 /* JSONKit.m in Sources */ = {isa = PBXBuildFile; fileRef = 180E226116719094002A7228 /* JSONKit.m */; };
		180E226516719094002A7228 /* README.md in Resources */ = {isa = PBXBuildFile; fileRef = 180E226216719094002A7228 /* README.md */; };
		180E226B167190E4002A7228 /* CFNetwork.framework in Frameworks */ = {isa = PBXBuildFile; fileRef = 180E226A167190E4002A7228 /* CFNetwork.framework */; };
		180E226D167190EF002A7228 /* SystemConfiguration.framework in Frameworks */ = {isa = PBXBuildFile; fileRef = 180E226C167190EF002A7228 /* SystemConfiguration.framework */; };
		180E226F167190F6002A7228 /* MobileCoreServices.framework in Frameworks */ = {isa = PBXBuildFile; fileRef = 180E226E167190F6002A7228 /* MobileCoreServices.framework */; };
		180E227116719111002A7228 /* libz.dylib in Frameworks */ = {isa = PBXBuildFile; fileRef = 180E227016719111002A7228 /* libz.dylib */; };
		180E22741671919F002A7228 /* SearchAirPort.m in Sources */ = {isa = PBXBuildFile; fileRef = 180E22731671919F002A7228 /* SearchAirPort.m */; };
		180E22851671B3D4002A7228 /* LogViewController.m in Sources */ = {isa = PBXBuildFile; fileRef = 180E22831671B3D4002A7228 /* LogViewController.m */; };
		180E22861671B3D4002A7228 /* LogViewController.xib in Resources */ = {isa = PBXBuildFile; fileRef = 180E22841671B3D4002A7228 /* LogViewController.xib */; };
		180E228E1671BB6F002A7228 /* RegisterViewController.m in Sources */ = {isa = PBXBuildFile; fileRef = 180E228C1671BB6F002A7228 /* RegisterViewController.m */; };
		180E228F1671BB6F002A7228 /* RegisterViewController.xib in Resources */ = {isa = PBXBuildFile; fileRef = 180E228D1671BB6F002A7228 /* RegisterViewController.xib */; };
		180E22E61671F411002A7228 /* SearchFlightConditionController.m in Sources */ = {isa = PBXBuildFile; fileRef = 180E22E41671F411002A7228 /* SearchFlightConditionController.m */; };
		180E22E71671F411002A7228 /* SearchFlightConditionController.xib in Resources */ = {isa = PBXBuildFile; fileRef = 180E22E51671F411002A7228 /* SearchFlightConditionController.xib */; };
		180E22EA1671F4E6002A7228 /* DNWrapper.m in Sources */ = {isa = PBXBuildFile; fileRef = 180E22E91671F4E6002A7228 /* DNWrapper.m */; };
		18478C65167332AD00D3AFCD /* SearchFlightCondition.m in Sources */ = {isa = PBXBuildFile; fileRef = 18478C64167332AD00D3AFCD /* SearchFlightCondition.m */; };
		18CA7394166F6EA100D7E9A3 /* OneWayCheckViewController.m in Sources */ = {isa = PBXBuildFile; fileRef = 18CA7392166F6EA100D7E9A3 /* OneWayCheckViewController.m */; };
		18CA7395166F6EA100D7E9A3 /* OneWayCheckViewController.xib in Resources */ = {isa = PBXBuildFile; fileRef = 18CA7393166F6EA100D7E9A3 /* OneWayCheckViewController.xib */; };
		18CA739D166F739200D7E9A3 /* HistroyCheckViewController.m in Sources */ = {isa = PBXBuildFile; fileRef = 18CA739B166F739200D7E9A3 /* HistroyCheckViewController.m */; };
		18CA739E166F739200D7E9A3 /* HistroyCheckViewController.xib in Resources */ = {isa = PBXBuildFile; fileRef = 18CA739C166F739200D7E9A3 /* HistroyCheckViewController.xib */; };
		18CC772E167711FF001106FB /* AddPersonController.m in Sources */ = {isa = PBXBuildFile; fileRef = 18CC772C167711FF001106FB /* AddPersonController.m */; };
		18CC772F167711FF001106FB /* AddPersonController.xib in Resources */ = {isa = PBXBuildFile; fileRef = 18CC772D167711FF001106FB /* AddPersonController.xib */; };
		18CC773216771442001106FB /* AddPersonCell.m in Sources */ = {isa = PBXBuildFile; fileRef = 18CC773116771442001106FB /* AddPersonCell.m */; };
		18CC773416771462001106FB /* AddPersonCell.xib in Resources */ = {isa = PBXBuildFile; fileRef = 18CC773316771462001106FB /* AddPersonCell.xib */; };
		18CC773C16771806001106FB /* AddPersonSwitchCell.m in Sources */ = {isa = PBXBuildFile; fileRef = 18CC773B16771805001106FB /* AddPersonSwitchCell.m */; };
		18CC773E1677181A001106FB /* AddPersonSwitchCell.xib in Resources */ = {isa = PBXBuildFile; fileRef = 18CC773D16771819001106FB /* AddPersonSwitchCell.xib */; };
		18CC774116771D8E001106FB /* IdentityViewController.m in Sources */ = {isa = PBXBuildFile; fileRef = 18CC774016771D8E001106FB /* IdentityViewController.m */; };
		18D01F1516783569002C13DB /* Un sel.png in Resources */ = {isa = PBXBuildFile; fileRef = 18D01F1316783569002C13DB /* Un sel.png */; };
		18D01F1616783569002C13DB /* sel.png in Resources */ = {isa = PBXBuildFile; fileRef = 18D01F1416783569002C13DB /* sel.png */; };
		18D1BBE2167363AC00FE7B8F /* ShowFligthConditionController.m in Sources */ = {isa = PBXBuildFile; fileRef = 18D1BBE0167363AC00FE7B8F /* ShowFligthConditionController.m */; };
		18D1BBE3167363AC00FE7B8F /* ShowFligthConditionController.xib in Resources */ = {isa = PBXBuildFile; fileRef = 18D1BBE1167363AC00FE7B8F /* ShowFligthConditionController.xib */; };
		18D88F591670967400A3B959 /* WriterOrderCommonCell.m in Sources */ = {isa = PBXBuildFile; fileRef = 18D88F581670967400A3B959 /* WriterOrderCommonCell.m */; };
		18D88F5C1670968700A3B959 /* WriterOrderCommonCell.xib in Resources */ = {isa = PBXBuildFile; fileRef = 18D88F5B1670968700A3B959 /* WriterOrderCommonCell.xib */; };
		18D88F6C167099DC00A3B959 /* WirterOrderTwoLineCell.m in Sources */ = {isa = PBXBuildFile; fileRef = 18D88F6B167099DC00A3B959 /* WirterOrderTwoLineCell.m */; };
		18D88F6E167099EF00A3B959 /* WirterOrderTwoLineCell.xib in Resources */ = {isa = PBXBuildFile; fileRef = 18D88F6D167099EE00A3B959 /* WirterOrderTwoLineCell.xib */; };
		18DD1D391675BF7A006B59AB /* TransitionString.m in Sources */ = {isa = PBXBuildFile; fileRef = 18DD1D381675BF7A006B59AB /* TransitionString.m */; };
		18DD1D3C1675D01E006B59AB /* SearchFlightData.m in Sources */ = {isa = PBXBuildFile; fileRef = 18DD1D3B1675D01D006B59AB /* SearchFlightData.m */; };
		18E0B6C916717C9E00968F01 /* ChooseSpaceCell.m in Sources */ = {isa = PBXBuildFile; fileRef = 18E0B6C816717C9E00968F01 /* ChooseSpaceCell.m */; };
		18E0B6CC16717CB200968F01 /* ChooseSpaceCell.xib in Resources */ = {isa = PBXBuildFile; fileRef = 18E0B6CB16717CB200968F01 /* ChooseSpaceCell.xib */; };
		18E508A316743EDA0003BD0C /* SearchFlightConditionCell.m in Sources */ = {isa = PBXBuildFile; fileRef = 18E508A216743EDA0003BD0C /* SearchFlightConditionCell.m */; };
		18E508A516743EE90003BD0C /* SearchFlightConditionCell.xib in Resources */ = {isa = PBXBuildFile; fileRef = 18E508A416743EE90003BD0C /* SearchFlightConditionCell.xib */; };
		18E508BC16747B840003BD0C /* EGORefreshTableHeaderView.m in Sources */ = {isa = PBXBuildFile; fileRef = 18E508B216747B840003BD0C /* EGORefreshTableHeaderView.m */; };
		18E508BD16747B840003BD0C /* blackArrow.png in Resources */ = {isa = PBXBuildFile; fileRef = 18E508B416747B840003BD0C /* blackArrow.png */; };
		18E508BE16747B840003BD0C /* blackArrow@2x.png in Resources */ = {isa = PBXBuildFile; fileRef = 18E508B516747B840003BD0C /* blackArrow@2x.png */; };
		18E508BF16747B840003BD0C /* blueArrow.png in Resources */ = {isa = PBXBuildFile; fileRef = 18E508B616747B840003BD0C /* blueArrow.png */; };
		18E508C016747B840003BD0C /* blueArrow@2x.png in Resources */ = {isa = PBXBuildFile; fileRef = 18E508B716747B840003BD0C /* blueArrow@2x.png */; };
		18E508C116747B840003BD0C /* grayArrow.png in Resources */ = {isa = PBXBuildFile; fileRef = 18E508B816747B840003BD0C /* grayArrow.png */; };
		18E508C216747B840003BD0C /* grayArrow@2x.png in Resources */ = {isa = PBXBuildFile; fileRef = 18E508B916747B840003BD0C /* grayArrow@2x.png */; };
		18E508C316747B840003BD0C /* whiteArrow.png in Resources */ = {isa = PBXBuildFile; fileRef = 18E508BA16747B840003BD0C /* whiteArrow.png */; };
		18E508C416747B840003BD0C /* whiteArrow@2x.png in Resources */ = {isa = PBXBuildFile; fileRef = 18E508BB16747B840003BD0C /* whiteArrow@2x.png */; };
		18E677F316787910008E187C /* AddressBook.framework in Frameworks */ = {isa = PBXBuildFile; fileRef = 18E677F216787910008E187C /* AddressBook.framework */; };
		18EAE79116702AC300CA6265 /* ShowSelectedResultViewController.m in Sources */ = {isa = PBXBuildFile; fileRef = 18EAE78F16702AC300CA6265 /* ShowSelectedResultViewController.m */; };
		18EAE79216702AC300CA6265 /* ShowSelectedResultViewController.xib in Resources */ = {isa = PBXBuildFile; fileRef = 18EAE79016702AC300CA6265 /* ShowSelectedResultViewController.xib */; };
		18EAE79716703B3800CA6265 /* SelectResultCell.m in Sources */ = {isa = PBXBuildFile; fileRef = 18EAE79616703B3800CA6265 /* SelectResultCell.m */; };
		18EAE79916703B7400CA6265 /* SelectResultCell.xib in Resources */ = {isa = PBXBuildFile; fileRef = 18EAE79816703B7400CA6265 /* SelectResultCell.xib */; };
		18EAE7B016705F7300CA6265 /* CustomTableView.m in Sources */ = {isa = PBXBuildFile; fileRef = 18EAE7AF16705F7300CA6265 /* CustomTableView.m */; };
		18EAE7B316705F9E00CA6265 /* CustomTableView.xib in Resources */ = {isa = PBXBuildFile; fileRef = 18EAE7B216705F9E00CA6265 /* CustomTableView.xib */; };
		18EAE7BA1670699B00CA6265 /* CustomTableViewCell.m in Sources */ = {isa = PBXBuildFile; fileRef = 18EAE7B91670699B00CA6265 /* CustomTableViewCell.m */; };
		18EAE7BC167069E000CA6265 /* CustomTableViewCell.xib in Resources */ = {isa = PBXBuildFile; fileRef = 18EAE7BB167069E000CA6265 /* CustomTableViewCell.xib */; };
		18EAE7C516707ED600CA6265 /* WriteOrderViewController.m in Sources */ = {isa = PBXBuildFile; fileRef = 18EAE7C316707ED500CA6265 /* WriteOrderViewController.m */; };
		18EAE7C616707ED600CA6265 /* WriteOrderViewController.xib in Resources */ = {isa = PBXBuildFile; fileRef = 18EAE7C416707ED500CA6265 /* WriteOrderViewController.xib */; };
		18EAE7C91670874E00CA6265 /* WriteOrderCell.m in Sources */ = {isa = PBXBuildFile; fileRef = 18EAE7C81670874E00CA6265 /* WriteOrderCell.m */; };
		18EAE7CB1670876900CA6265 /* WriteOrderCell.xib in Resources */ = {isa = PBXBuildFile; fileRef = 18EAE7CA1670876800CA6265 /* WriteOrderCell.xib */; };
		18EAE7CE16708BFC00CA6265 /* WriteOrderDetailsCell.m in Sources */ = {isa = PBXBuildFile; fileRef = 18EAE7CD16708BFB00CA6265 /* WriteOrderDetailsCell.m */; };
		18EAE7D016708C0F00CA6265 /* WriteOrderDetailsCell.xib in Resources */ = {isa = PBXBuildFile; fileRef = 18EAE7CF16708C0F00CA6265 /* WriteOrderDetailsCell.xib */; };
/* End PBXBuildFile section */

/* Begin PBXFileReference section */
		14241AAE1679ADC600D84663 /* depart.png */ = {isa = PBXFileReference; lastKnownFileType = image.png; path = depart.png; sourceTree = "<group>"; };
		14241AB11679ADD700D84663 /* arrive.png */ = {isa = PBXFileReference; lastKnownFileType = image.png; path = arrive.png; sourceTree = "<group>"; };
		14241AB71679BD2200D84663 /* ChooseAirPortCell.h */ = {isa = PBXFileReference; fileEncoding = 4; lastKnownFileType = sourcecode.c.h; path = ChooseAirPortCell.h; sourceTree = "<group>"; };
		14241AB81679BD2200D84663 /* ChooseAirPortCell.m */ = {isa = PBXFileReference; fileEncoding = 4; lastKnownFileType = sourcecode.c.objc; path = ChooseAirPortCell.m; sourceTree = "<group>"; };
		14241AB91679BD2200D84663 /* ChooseAirPortCell.xib */ = {isa = PBXFileReference; fileEncoding = 4; lastKnownFileType = file.xib; path = ChooseAirPortCell.xib; sourceTree = "<group>"; };
		14241ABD1679BD2F00D84663 /* ChooseAirPortViewController.h */ = {isa = PBXFileReference; fileEncoding = 4; lastKnownFileType = sourcecode.c.h; path = ChooseAirPortViewController.h; sourceTree = "<group>"; };
		14241ABE1679BD2F00D84663 /* ChooseAirPortViewController.m */ = {isa = PBXFileReference; fileEncoding = 4; lastKnownFileType = sourcecode.c.objc; path = ChooseAirPortViewController.m; sourceTree = "<group>"; };
		14241ABF1679BD2F00D84663 /* ChooseAirPortViewController.xib */ = {isa = PBXFileReference; fileEncoding = 4; lastKnownFileType = file.xib; path = ChooseAirPortViewController.xib; sourceTree = "<group>"; };
		14241AC61679BDEC00D84663 /* AutomaticPositioningCell.h */ = {isa = PBXFileReference; fileEncoding = 4; lastKnownFileType = sourcecode.c.h; path = AutomaticPositioningCell.h; sourceTree = "<group>"; };
		14241AC71679BDEC00D84663 /* AutomaticPositioningCell.m */ = {isa = PBXFileReference; fileEncoding = 4; lastKnownFileType = sourcecode.c.objc; path = AutomaticPositioningCell.m; sourceTree = "<group>"; };
		14241AC81679BDEC00D84663 /* AutomaticPositioningCell.xib */ = {isa = PBXFileReference; fileEncoding = 4; lastKnownFileType = file.xib; path = AutomaticPositioningCell.xib; sourceTree = "<group>"; };
		14241AD41679C05A00D84663 /* ChoosePersonCell.h */ = {isa = PBXFileReference; fileEncoding = 4; lastKnownFileType = sourcecode.c.h; path = ChoosePersonCell.h; sourceTree = "<group>"; };
		14241AD51679C05A00D84663 /* ChoosePersonCell.m */ = {isa = PBXFileReference; fileEncoding = 4; lastKnownFileType = sourcecode.c.objc; path = ChoosePersonCell.m; sourceTree = "<group>"; };
		14241AD61679C05A00D84663 /* ChoosePersonCell.xib */ = {isa = PBXFileReference; fileEncoding = 4; lastKnownFileType = file.xib; path = ChoosePersonCell.xib; sourceTree = "<group>"; };
		14241AD91679C08700D84663 /* ChoosePersonController.h */ = {isa = PBXFileReference; fileEncoding = 4; lastKnownFileType = sourcecode.c.h; path = ChoosePersonController.h; sourceTree = "<group>"; };
		14241ADA1679C08700D84663 /* ChoosePersonController.m */ = {isa = PBXFileReference; fileEncoding = 4; lastKnownFileType = sourcecode.c.objc; path = ChoosePersonController.m; sourceTree = "<group>"; };
		14241ADB1679C08700D84663 /* ChoosePersonController.xib */ = {isa = PBXFileReference; fileEncoding = 4; lastKnownFileType = file.xib; path = ChoosePersonController.xib; sourceTree = "<group>"; };
		142793571670351F00E2E1E3 /* UIQuickHelp.h */ = {isa = PBXFileReference; fileEncoding = 4; lastKnownFileType = sourcecode.c.h; path = UIQuickHelp.h; sourceTree = "<group>"; };
		142793581670351F00E2E1E3 /* UIQuickHelp.m */ = {isa = PBXFileReference; fileEncoding = 4; lastKnownFileType = sourcecode.c.objc; path = UIQuickHelp.m; sourceTree = "<group>"; };
		1427935A1670361C00E2E1E3 /* QuartzCore.framework */ = {isa = PBXFileReference; lastKnownFileType = wrapper.framework; name = QuartzCore.framework; path = System/Library/Frameworks/QuartzCore.framework; sourceTree = SDKROOT; };
		1427935C167039BB00E2E1E3 /* MyCenterController.h */ = {isa = PBXFileReference; fileEncoding = 4; lastKnownFileType = sourcecode.c.h; path = MyCenterController.h; sourceTree = "<group>"; };
		1427935D167039BB00E2E1E3 /* MyCenterController.m */ = {isa = PBXFileReference; fileEncoding = 4; lastKnownFileType = sourcecode.c.objc; path = MyCenterController.m; sourceTree = "<group>"; };
		1427935E167039BB00E2E1E3 /* MyCenterController.xib */ = {isa = PBXFileReference; fileEncoding = 4; lastKnownFileType = file.xib; path = MyCenterController.xib; sourceTree = "<group>"; };
		142793691670412F00E2E1E3 /* BuyInsuranceViewController.h */ = {isa = PBXFileReference; fileEncoding = 4; lastKnownFileType = sourcecode.c.h; path = BuyInsuranceViewController.h; sourceTree = "<group>"; };
		1427936A1670412F00E2E1E3 /* BuyInsuranceViewController.m */ = {isa = PBXFileReference; fileEncoding = 4; lastKnownFileType = sourcecode.c.objc; path = BuyInsuranceViewController.m; sourceTree = "<group>"; };
		1427936B1670412F00E2E1E3 /* BuyInsuranceViewController.xib */ = {isa = PBXFileReference; fileEncoding = 4; lastKnownFileType = file.xib; path = BuyInsuranceViewController.xib; sourceTree = "<group>"; };
		1427937A16706AB100E2E1E3 /* ChooseSpaceViewController.h */ = {isa = PBXFileReference; fileEncoding = 4; lastKnownFileType = sourcecode.c.h; path = ChooseSpaceViewController.h; sourceTree = "<group>"; };
		1427937B16706AB100E2E1E3 /* ChooseSpaceViewController.m */ = {isa = PBXFileReference; fileEncoding = 4; lastKnownFileType = sourcecode.c.objc; path = ChooseSpaceViewController.m; sourceTree = "<group>"; };
		1427937C16706AB100E2E1E3 /* ChooseSpaceViewController.xib */ = {isa = PBXFileReference; fileEncoding = 4; lastKnownFileType = file.xib; path = ChooseSpaceViewController.xib; sourceTree = "<group>"; };
		142793811670792500E2E1E3 /* line.png */ = {isa = PBXFileReference; lastKnownFileType = image.png; path = line.png; sourceTree = "<group>"; };
		145394E5166F220D00417F61 /* MyFlight2.0.app */ = {isa = PBXFileReference; explicitFileType = wrapper.application; includeInIndex = 0; path = MyFlight2.0.app; sourceTree = BUILT_PRODUCTS_DIR; };
		145394E9166F220D00417F61 /* UIKit.framework */ = {isa = PBXFileReference; lastKnownFileType = wrapper.framework; name = UIKit.framework; path = System/Library/Frameworks/UIKit.framework; sourceTree = SDKROOT; };
		145394EB166F220D00417F61 /* Foundation.framework */ = {isa = PBXFileReference; lastKnownFileType = wrapper.framework; name = Foundation.framework; path = System/Library/Frameworks/Foundation.framework; sourceTree = SDKROOT; };
		145394ED166F220D00417F61 /* CoreGraphics.framework */ = {isa = PBXFileReference; lastKnownFileType = wrapper.framework; name = CoreGraphics.framework; path = System/Library/Frameworks/CoreGraphics.framework; sourceTree = SDKROOT; };
		145394F1166F220D00417F61 /* MyFlight2.0-Info.plist */ = {isa = PBXFileReference; lastKnownFileType = text.plist.xml; path = "MyFlight2.0-Info.plist"; sourceTree = "<group>"; };
		145394F3166F220D00417F61 /* en */ = {isa = PBXFileReference; lastKnownFileType = text.plist.strings; name = en; path = en.lproj/InfoPlist.strings; sourceTree = "<group>"; };
		145394F5166F220E00417F61 /* main.m */ = {isa = PBXFileReference; lastKnownFileType = sourcecode.c.objc; path = main.m; sourceTree = "<group>"; };
		145394F7166F220E00417F61 /* MyFlight2.0-Prefix.pch */ = {isa = PBXFileReference; lastKnownFileType = sourcecode.c.h; path = "MyFlight2.0-Prefix.pch"; sourceTree = "<group>"; };
		145394F8166F220E00417F61 /* AppDelegate.h */ = {isa = PBXFileReference; lastKnownFileType = sourcecode.c.h; path = AppDelegate.h; sourceTree = "<group>"; };
		145394F9166F220E00417F61 /* AppDelegate.m */ = {isa = PBXFileReference; lastKnownFileType = sourcecode.c.objc; path = AppDelegate.m; sourceTree = "<group>"; };
		145394FB166F220E00417F61 /* Default.png */ = {isa = PBXFileReference; lastKnownFileType = image.png; path = Default.png; sourceTree = "<group>"; };
		145394FD166F220E00417F61 /* Default@2x.png */ = {isa = PBXFileReference; lastKnownFileType = image.png; path = "Default@2x.png"; sourceTree = "<group>"; };
		145394FF166F220E00417F61 /* Default-568h@2x.png */ = {isa = PBXFileReference; lastKnownFileType = image.png; path = "Default-568h@2x.png"; sourceTree = "<group>"; };
		14539501166F220E00417F61 /* ViewController.h */ = {isa = PBXFileReference; lastKnownFileType = sourcecode.c.h; path = ViewController.h; sourceTree = "<group>"; };
		14539502166F220E00417F61 /* ViewController.m */ = {isa = PBXFileReference; lastKnownFileType = sourcecode.c.objc; path = ViewController.m; sourceTree = "<group>"; };
		14539505166F220E00417F61 /* en */ = {isa = PBXFileReference; lastKnownFileType = file.xib; name = en; path = en.lproj/ViewController.xib; sourceTree = "<group>"; };
		1453951A166F278000417F61 /* MyCenterViewController.h */ = {isa = PBXFileReference; fileEncoding = 4; lastKnownFileType = sourcecode.c.h; path = MyCenterViewController.h; sourceTree = "<group>"; };
		1453951B166F278000417F61 /* MyCenterViewController.m */ = {isa = PBXFileReference; fileEncoding = 4; lastKnownFileType = sourcecode.c.objc; path = MyCenterViewController.m; sourceTree = "<group>"; };
		1453951C166F278000417F61 /* MyCenterViewController.xib */ = {isa = PBXFileReference; fileEncoding = 4; lastKnownFileType = file.xib; path = MyCenterViewController.xib; sourceTree = "<group>"; };
		14805A0E1676F04B00836353 /* AppConfigure.h */ = {isa = PBXFileReference; fileEncoding = 4; lastKnownFileType = sourcecode.c.h; path = AppConfigure.h; sourceTree = "<group>"; };
		14805A0F1676F0DF00836353 /* AirPortsUility.h */ = {isa = PBXFileReference; fileEncoding = 4; lastKnownFileType = sourcecode.c.h; path = AirPortsUility.h; sourceTree = "<group>"; };
		14805A101676F13000836353 /* PublicConstUrls.h */ = {isa = PBXFileReference; fileEncoding = 4; lastKnownFileType = sourcecode.c.h; path = PublicConstUrls.h; sourceTree = "<group>"; };
		14805B8416782A8E00836353 /* AirPortDataBase.h */ = {isa = PBXFileReference; fileEncoding = 4; lastKnownFileType = sourcecode.c.h; path = AirPortDataBase.h; sourceTree = "<group>"; };
		14805B8516782A8E00836353 /* AirPortDataBase.m */ = {isa = PBXFileReference; fileEncoding = 4; lastKnownFileType = sourcecode.c.objc; path = AirPortDataBase.m; sourceTree = "<group>"; };
		14805B8816782B2A00836353 /* AirPortData.h */ = {isa = PBXFileReference; fileEncoding = 4; lastKnownFileType = sourcecode.c.h; path = AirPortData.h; sourceTree = "<group>"; };
		14805B8916782B2A00836353 /* AirPortData.m */ = {isa = PBXFileReference; fileEncoding = 4; lastKnownFileType = sourcecode.c.objc; path = AirPortData.m; sourceTree = "<group>"; };
		14805B8B16782CF400836353 /* AirPortDataBase.sqlite */ = {isa = PBXFileReference; lastKnownFileType = file; path = AirPortDataBase.sqlite; sourceTree = "<group>"; };
		14805B8D1678349100836353 /* DataBaseVersionConfigure.plist */ = {isa = PBXFileReference; fileEncoding = 4; lastKnownFileType = text.plist.xml; path = DataBaseVersionConfigure.plist; sourceTree = "<group>"; };
		14805B8F16783A1200836353 /* AirPortDataBaseSingleton.h */ = {isa = PBXFileReference; fileEncoding = 4; lastKnownFileType = sourcecode.c.h; path = AirPortDataBaseSingleton.h; sourceTree = "<group>"; };
		14805B9016783A1300836353 /* AirPortDataBaseSingleton.m */ = {isa = PBXFileReference; fileEncoding = 4; lastKnownFileType = sourcecode.c.objc; path = AirPortDataBaseSingleton.m; sourceTree = "<group>"; };
		14805BA3167875E900836353 /* bg_pek.png */ = {isa = PBXFileReference; lastKnownFileType = image.png; path = bg_pek.png; sourceTree = "<group>"; };
		14805BA51678760B00836353 /* icon_return.png */ = {isa = PBXFileReference; lastKnownFileType = image.png; path = icon_return.png; sourceTree = "<group>"; };
		14ED61E11672F16D0019DC23 /* FMDatabase.h */ = {isa = PBXFileReference; fileEncoding = 4; lastKnownFileType = sourcecode.c.h; path = FMDatabase.h; sourceTree = "<group>"; };
		14ED61E21672F16D0019DC23 /* FMDatabase.m */ = {isa = PBXFileReference; fileEncoding = 4; lastKnownFileType = sourcecode.c.objc; path = FMDatabase.m; sourceTree = "<group>"; };
		14ED61E31672F16D0019DC23 /* FMDatabaseAdditions.h */ = {isa = PBXFileReference; fileEncoding = 4; lastKnownFileType = sourcecode.c.h; path = FMDatabaseAdditions.h; sourceTree = "<group>"; };
		14ED61E41672F16D0019DC23 /* FMDatabaseAdditions.m */ = {isa = PBXFileReference; fileEncoding = 4; lastKnownFileType = sourcecode.c.objc; path = FMDatabaseAdditions.m; sourceTree = "<group>"; };
		14ED61E51672F16D0019DC23 /* FMDatabasePool.h */ = {isa = PBXFileReference; fileEncoding = 4; lastKnownFileType = sourcecode.c.h; path = FMDatabasePool.h; sourceTree = "<group>"; };
		14ED61E61672F16D0019DC23 /* FMDatabasePool.m */ = {isa = PBXFileReference; fileEncoding = 4; lastKnownFileType = sourcecode.c.objc; path = FMDatabasePool.m; sourceTree = "<group>"; };
		14ED61E71672F16D0019DC23 /* FMDatabaseQueue.h */ = {isa = PBXFileReference; fileEncoding = 4; lastKnownFileType = sourcecode.c.h; path = FMDatabaseQueue.h; sourceTree = "<group>"; };
		14ED61E81672F16D0019DC23 /* FMDatabaseQueue.m */ = {isa = PBXFileReference; fileEncoding = 4; lastKnownFileType = sourcecode.c.objc; path = FMDatabaseQueue.m; sourceTree = "<group>"; };
		14ED61E91672F16D0019DC23 /* FMDBd使用说明.txt */ = {isa = PBXFileReference; fileEncoding = 4; lastKnownFileType = text; path = "FMDBd使用说明.txt"; sourceTree = "<group>"; };
		14ED61EA1672F16D0019DC23 /* FMDB使用.html */ = {isa = PBXFileReference; fileEncoding = 4; lastKnownFileType = text.html; path = "FMDB使用.html"; sourceTree = "<group>"; };
		14ED61EB1672F16D0019DC23 /* FMResultSet.h */ = {isa = PBXFileReference; fileEncoding = 4; lastKnownFileType = sourcecode.c.h; path = FMResultSet.h; sourceTree = "<group>"; };
		14ED61EC1672F16D0019DC23 /* FMResultSet.m */ = {isa = PBXFileReference; fileEncoding = 4; lastKnownFileType = sourcecode.c.objc; path = FMResultSet.m; sourceTree = "<group>"; };
		14ED61F51672F1960019DC23 /* libsqlite3.0.dylib */ = {isa = PBXFileReference; lastKnownFileType = "compiled.mach-o.dylib"; name = libsqlite3.0.dylib; path = usr/lib/libsqlite3.0.dylib; sourceTree = SDKROOT; };
		180E223F1671908E002A7228 /* ASIAuthenticationDialog.h */ = {isa = PBXFileReference; fileEncoding = 4; lastKnownFileType = sourcecode.c.h; path = ASIAuthenticationDialog.h; sourceTree = "<group>"; };
		180E22401671908E002A7228 /* ASIAuthenticationDialog.m */ = {isa = PBXFileReference; fileEncoding = 4; lastKnownFileType = sourcecode.c.objc; path = ASIAuthenticationDialog.m; sourceTree = "<group>"; };
		180E22411671908E002A7228 /* ASICacheDelegate.h */ = {isa = PBXFileReference; fileEncoding = 4; lastKnownFileType = sourcecode.c.h; path = ASICacheDelegate.h; sourceTree = "<group>"; };
		180E22421671908E002A7228 /* ASIDataCompressor.h */ = {isa = PBXFileReference; fileEncoding = 4; lastKnownFileType = sourcecode.c.h; path = ASIDataCompressor.h; sourceTree = "<group>"; };
		180E22431671908E002A7228 /* ASIDataCompressor.m */ = {isa = PBXFileReference; fileEncoding = 4; lastKnownFileType = sourcecode.c.objc; path = ASIDataCompressor.m; sourceTree = "<group>"; };
		180E22441671908E002A7228 /* ASIDataDecompressor.h */ = {isa = PBXFileReference; fileEncoding = 4; lastKnownFileType = sourcecode.c.h; path = ASIDataDecompressor.h; sourceTree = "<group>"; };
		180E22451671908E002A7228 /* ASIDataDecompressor.m */ = {isa = PBXFileReference; fileEncoding = 4; lastKnownFileType = sourcecode.c.objc; path = ASIDataDecompressor.m; sourceTree = "<group>"; };
		180E22461671908E002A7228 /* ASIDownloadCache.h */ = {isa = PBXFileReference; fileEncoding = 4; lastKnownFileType = sourcecode.c.h; path = ASIDownloadCache.h; sourceTree = "<group>"; };
		180E22471671908E002A7228 /* ASIDownloadCache.m */ = {isa = PBXFileReference; fileEncoding = 4; lastKnownFileType = sourcecode.c.objc; path = ASIDownloadCache.m; sourceTree = "<group>"; };
		180E22481671908E002A7228 /* ASIFormDataRequest.h */ = {isa = PBXFileReference; fileEncoding = 4; lastKnownFileType = sourcecode.c.h; path = ASIFormDataRequest.h; sourceTree = "<group>"; };
		180E22491671908E002A7228 /* ASIFormDataRequest.m */ = {isa = PBXFileReference; fileEncoding = 4; lastKnownFileType = sourcecode.c.objc; path = ASIFormDataRequest.m; sourceTree = "<group>"; };
		180E224A1671908E002A7228 /* ASIHTTPRequest.h */ = {isa = PBXFileReference; fileEncoding = 4; lastKnownFileType = sourcecode.c.h; path = ASIHTTPRequest.h; sourceTree = "<group>"; };
		180E224B1671908E002A7228 /* ASIHTTPRequest.m */ = {isa = PBXFileReference; fileEncoding = 4; lastKnownFileType = sourcecode.c.objc; path = ASIHTTPRequest.m; sourceTree = "<group>"; };
		180E224C1671908E002A7228 /* ASIHTTPRequestConfig.h */ = {isa = PBXFileReference; fileEncoding = 4; lastKnownFileType = sourcecode.c.h; path = ASIHTTPRequestConfig.h; sourceTree = "<group>"; };
		180E224D1671908E002A7228 /* ASIHTTPRequestDelegate.h */ = {isa = PBXFileReference; fileEncoding = 4; lastKnownFileType = sourcecode.c.h; path = ASIHTTPRequestDelegate.h; sourceTree = "<group>"; };
		180E224E1671908E002A7228 /* ASIInputStream.h */ = {isa = PBXFileReference; fileEncoding = 4; lastKnownFileType = sourcecode.c.h; path = ASIInputStream.h; sourceTree = "<group>"; };
		180E224F1671908E002A7228 /* ASIInputStream.m */ = {isa = PBXFileReference; fileEncoding = 4; lastKnownFileType = sourcecode.c.objc; path = ASIInputStream.m; sourceTree = "<group>"; };
		180E22501671908E002A7228 /* ASINetworkQueue.h */ = {isa = PBXFileReference; fileEncoding = 4; lastKnownFileType = sourcecode.c.h; path = ASINetworkQueue.h; sourceTree = "<group>"; };
		180E22511671908E002A7228 /* ASINetworkQueue.m */ = {isa = PBXFileReference; fileEncoding = 4; lastKnownFileType = sourcecode.c.objc; path = ASINetworkQueue.m; sourceTree = "<group>"; };
		180E22521671908E002A7228 /* ASIProgressDelegate.h */ = {isa = PBXFileReference; fileEncoding = 4; lastKnownFileType = sourcecode.c.h; path = ASIProgressDelegate.h; sourceTree = "<group>"; };
		180E22531671908E002A7228 /* Reachability.h */ = {isa = PBXFileReference; fileEncoding = 4; lastKnownFileType = sourcecode.c.h; path = Reachability.h; sourceTree = "<group>"; };
		180E22541671908E002A7228 /* Reachability.m */ = {isa = PBXFileReference; fileEncoding = 4; lastKnownFileType = sourcecode.c.objc; path = Reachability.m; sourceTree = "<group>"; };
		180E225F16719094002A7228 /* CHANGELOG.md */ = {isa = PBXFileReference; fileEncoding = 4; lastKnownFileType = text; path = CHANGELOG.md; sourceTree = "<group>"; };
		180E226016719094002A7228 /* JSONKit.h */ = {isa = PBXFileReference; fileEncoding = 4; lastKnownFileType = sourcecode.c.h; path = JSONKit.h; sourceTree = "<group>"; };
		180E226116719094002A7228 /* JSONKit.m */ = {isa = PBXFileReference; fileEncoding = 4; lastKnownFileType = sourcecode.c.objc; path = JSONKit.m; sourceTree = "<group>"; };
		180E226216719094002A7228 /* README.md */ = {isa = PBXFileReference; fileEncoding = 4; lastKnownFileType = text; path = README.md; sourceTree = "<group>"; };
		180E226A167190E4002A7228 /* CFNetwork.framework */ = {isa = PBXFileReference; lastKnownFileType = wrapper.framework; name = CFNetwork.framework; path = System/Library/Frameworks/CFNetwork.framework; sourceTree = SDKROOT; };
		180E226C167190EF002A7228 /* SystemConfiguration.framework */ = {isa = PBXFileReference; lastKnownFileType = wrapper.framework; name = SystemConfiguration.framework; path = System/Library/Frameworks/SystemConfiguration.framework; sourceTree = SDKROOT; };
		180E226E167190F6002A7228 /* MobileCoreServices.framework */ = {isa = PBXFileReference; lastKnownFileType = wrapper.framework; name = MobileCoreServices.framework; path = System/Library/Frameworks/MobileCoreServices.framework; sourceTree = SDKROOT; };
		180E227016719111002A7228 /* libz.dylib */ = {isa = PBXFileReference; lastKnownFileType = "compiled.mach-o.dylib"; name = libz.dylib; path = usr/lib/libz.dylib; sourceTree = SDKROOT; };
		180E22721671919F002A7228 /* SearchAirPort.h */ = {isa = PBXFileReference; fileEncoding = 4; lastKnownFileType = sourcecode.c.h; path = SearchAirPort.h; sourceTree = "<group>"; };
		180E22731671919F002A7228 /* SearchAirPort.m */ = {isa = PBXFileReference; fileEncoding = 4; lastKnownFileType = sourcecode.c.objc; path = SearchAirPort.m; sourceTree = "<group>"; };
		180E22821671B3D4002A7228 /* LogViewController.h */ = {isa = PBXFileReference; fileEncoding = 4; lastKnownFileType = sourcecode.c.h; path = LogViewController.h; sourceTree = "<group>"; };
		180E22831671B3D4002A7228 /* LogViewController.m */ = {isa = PBXFileReference; fileEncoding = 4; lastKnownFileType = sourcecode.c.objc; path = LogViewController.m; sourceTree = "<group>"; };
		180E22841671B3D4002A7228 /* LogViewController.xib */ = {isa = PBXFileReference; fileEncoding = 4; lastKnownFileType = file.xib; path = LogViewController.xib; sourceTree = "<group>"; };
		180E228B1671BB6F002A7228 /* RegisterViewController.h */ = {isa = PBXFileReference; fileEncoding = 4; lastKnownFileType = sourcecode.c.h; path = RegisterViewController.h; sourceTree = "<group>"; };
		180E228C1671BB6F002A7228 /* RegisterViewController.m */ = {isa = PBXFileReference; fileEncoding = 4; lastKnownFileType = sourcecode.c.objc; path = RegisterViewController.m; sourceTree = "<group>"; };
		180E228D1671BB6F002A7228 /* RegisterViewController.xib */ = {isa = PBXFileReference; fileEncoding = 4; lastKnownFileType = file.xib; path = RegisterViewController.xib; sourceTree = "<group>"; };
		180E22E31671F411002A7228 /* SearchFlightConditionController.h */ = {isa = PBXFileReference; fileEncoding = 4; lastKnownFileType = sourcecode.c.h; path = SearchFlightConditionController.h; sourceTree = "<group>"; };
		180E22E41671F411002A7228 /* SearchFlightConditionController.m */ = {isa = PBXFileReference; fileEncoding = 4; lastKnownFileType = sourcecode.c.objc; path = SearchFlightConditionController.m; sourceTree = "<group>"; };
		180E22E51671F411002A7228 /* SearchFlightConditionController.xib */ = {isa = PBXFileReference; fileEncoding = 4; lastKnownFileType = file.xib; path = SearchFlightConditionController.xib; sourceTree = "<group>"; };
		180E22E81671F4E6002A7228 /* DNWrapper.h */ = {isa = PBXFileReference; fileEncoding = 4; lastKnownFileType = sourcecode.c.h; path = DNWrapper.h; sourceTree = "<group>"; };
		180E22E91671F4E6002A7228 /* DNWrapper.m */ = {isa = PBXFileReference; fileEncoding = 4; lastKnownFileType = sourcecode.c.objc; path = DNWrapper.m; sourceTree = "<group>"; };
		18478C63167332AD00D3AFCD /* SearchFlightCondition.h */ = {isa = PBXFileReference; fileEncoding = 4; lastKnownFileType = sourcecode.c.h; path = SearchFlightCondition.h; sourceTree = "<group>"; };
		18478C64167332AD00D3AFCD /* SearchFlightCondition.m */ = {isa = PBXFileReference; fileEncoding = 4; lastKnownFileType = sourcecode.c.objc; path = SearchFlightCondition.m; sourceTree = "<group>"; };
		18CA7391166F6EA100D7E9A3 /* OneWayCheckViewController.h */ = {isa = PBXFileReference; fileEncoding = 4; lastKnownFileType = sourcecode.c.h; path = OneWayCheckViewController.h; sourceTree = "<group>"; };
		18CA7392166F6EA100D7E9A3 /* OneWayCheckViewController.m */ = {isa = PBXFileReference; fileEncoding = 4; lastKnownFileType = sourcecode.c.objc; path = OneWayCheckViewController.m; sourceTree = "<group>"; };
		18CA7393166F6EA100D7E9A3 /* OneWayCheckViewController.xib */ = {isa = PBXFileReference; fileEncoding = 4; lastKnownFileType = file.xib; path = OneWayCheckViewController.xib; sourceTree = "<group>"; };
		18CA739A166F739200D7E9A3 /* HistroyCheckViewController.h */ = {isa = PBXFileReference; fileEncoding = 4; lastKnownFileType = sourcecode.c.h; path = HistroyCheckViewController.h; sourceTree = "<group>"; };
		18CA739B166F739200D7E9A3 /* HistroyCheckViewController.m */ = {isa = PBXFileReference; fileEncoding = 4; lastKnownFileType = sourcecode.c.objc; path = HistroyCheckViewController.m; sourceTree = "<group>"; };
		18CA739C166F739200D7E9A3 /* HistroyCheckViewController.xib */ = {isa = PBXFileReference; fileEncoding = 4; lastKnownFileType = file.xib; path = HistroyCheckViewController.xib; sourceTree = "<group>"; };
		18CC772B167711FF001106FB /* AddPersonController.h */ = {isa = PBXFileReference; fileEncoding = 4; lastKnownFileType = sourcecode.c.h; path = AddPersonController.h; sourceTree = "<group>"; };
		18CC772C167711FF001106FB /* AddPersonController.m */ = {isa = PBXFileReference; fileEncoding = 4; lastKnownFileType = sourcecode.c.objc; path = AddPersonController.m; sourceTree = "<group>"; };
		18CC772D167711FF001106FB /* AddPersonController.xib */ = {isa = PBXFileReference; fileEncoding = 4; lastKnownFileType = file.xib; path = AddPersonController.xib; sourceTree = "<group>"; };
		18CC773016771442001106FB /* AddPersonCell.h */ = {isa = PBXFileReference; fileEncoding = 4; lastKnownFileType = sourcecode.c.h; path = AddPersonCell.h; sourceTree = "<group>"; };
		18CC773116771442001106FB /* AddPersonCell.m */ = {isa = PBXFileReference; fileEncoding = 4; lastKnownFileType = sourcecode.c.objc; path = AddPersonCell.m; sourceTree = "<group>"; };
		18CC773316771462001106FB /* AddPersonCell.xib */ = {isa = PBXFileReference; fileEncoding = 4; lastKnownFileType = file.xib; path = AddPersonCell.xib; sourceTree = "<group>"; };
		18CC773A16771804001106FB /* AddPersonSwitchCell.h */ = {isa = PBXFileReference; fileEncoding = 4; lastKnownFileType = sourcecode.c.h; path = AddPersonSwitchCell.h; sourceTree = "<group>"; };
		18CC773B16771805001106FB /* AddPersonSwitchCell.m */ = {isa = PBXFileReference; fileEncoding = 4; lastKnownFileType = sourcecode.c.objc; path = AddPersonSwitchCell.m; sourceTree = "<group>"; };
		18CC773D16771819001106FB /* AddPersonSwitchCell.xib */ = {isa = PBXFileReference; fileEncoding = 4; lastKnownFileType = file.xib; path = AddPersonSwitchCell.xib; sourceTree = "<group>"; };
		18CC773F16771D8D001106FB /* IdentityViewController.h */ = {isa = PBXFileReference; fileEncoding = 4; lastKnownFileType = sourcecode.c.h; path = IdentityViewController.h; sourceTree = "<group>"; };
		18CC774016771D8E001106FB /* IdentityViewController.m */ = {isa = PBXFileReference; fileEncoding = 4; lastKnownFileType = sourcecode.c.objc; path = IdentityViewController.m; sourceTree = "<group>"; };
		18D01F1316783569002C13DB /* Un sel.png */ = {isa = PBXFileReference; lastKnownFileType = image.png; path = "Un sel.png"; sourceTree = "<group>"; };
		18D01F1416783569002C13DB /* sel.png */ = {isa = PBXFileReference; lastKnownFileType = image.png; path = sel.png; sourceTree = "<group>"; };
		18D1BBDF167363AC00FE7B8F /* ShowFligthConditionController.h */ = {isa = PBXFileReference; fileEncoding = 4; lastKnownFileType = sourcecode.c.h; path = ShowFligthConditionController.h; sourceTree = "<group>"; };
		18D1BBE0167363AC00FE7B8F /* ShowFligthConditionController.m */ = {isa = PBXFileReference; fileEncoding = 4; lastKnownFileType = sourcecode.c.objc; path = ShowFligthConditionController.m; sourceTree = "<group>"; };
		18D1BBE1167363AC00FE7B8F /* ShowFligthConditionController.xib */ = {isa = PBXFileReference; fileEncoding = 4; lastKnownFileType = file.xib; path = ShowFligthConditionController.xib; sourceTree = "<group>"; };
		18D88F571670967400A3B959 /* WriterOrderCommonCell.h */ = {isa = PBXFileReference; fileEncoding = 4; lastKnownFileType = sourcecode.c.h; path = WriterOrderCommonCell.h; sourceTree = "<group>"; };
		18D88F581670967400A3B959 /* WriterOrderCommonCell.m */ = {isa = PBXFileReference; fileEncoding = 4; lastKnownFileType = sourcecode.c.objc; path = WriterOrderCommonCell.m; sourceTree = "<group>"; };
		18D88F5B1670968700A3B959 /* WriterOrderCommonCell.xib */ = {isa = PBXFileReference; fileEncoding = 4; lastKnownFileType = file.xib; path = WriterOrderCommonCell.xib; sourceTree = "<group>"; };
		18D88F6A167099DC00A3B959 /* WirterOrderTwoLineCell.h */ = {isa = PBXFileReference; fileEncoding = 4; lastKnownFileType = sourcecode.c.h; path = WirterOrderTwoLineCell.h; sourceTree = "<group>"; };
		18D88F6B167099DC00A3B959 /* WirterOrderTwoLineCell.m */ = {isa = PBXFileReference; fileEncoding = 4; lastKnownFileType = sourcecode.c.objc; path = WirterOrderTwoLineCell.m; sourceTree = "<group>"; };
		18D88F6D167099EE00A3B959 /* WirterOrderTwoLineCell.xib */ = {isa = PBXFileReference; fileEncoding = 4; lastKnownFileType = file.xib; path = WirterOrderTwoLineCell.xib; sourceTree = "<group>"; };
		18DD1D371675BF7A006B59AB /* TransitionString.h */ = {isa = PBXFileReference; fileEncoding = 4; lastKnownFileType = sourcecode.c.h; path = TransitionString.h; sourceTree = "<group>"; };
		18DD1D381675BF7A006B59AB /* TransitionString.m */ = {isa = PBXFileReference; fileEncoding = 4; lastKnownFileType = sourcecode.c.objc; path = TransitionString.m; sourceTree = "<group>"; };
		18DD1D3A1675D01D006B59AB /* SearchFlightData.h */ = {isa = PBXFileReference; fileEncoding = 4; lastKnownFileType = sourcecode.c.h; path = SearchFlightData.h; sourceTree = "<group>"; };
		18DD1D3B1675D01D006B59AB /* SearchFlightData.m */ = {isa = PBXFileReference; fileEncoding = 4; lastKnownFileType = sourcecode.c.objc; path = SearchFlightData.m; sourceTree = "<group>"; };
		18E0B6C716717C9E00968F01 /* ChooseSpaceCell.h */ = {isa = PBXFileReference; fileEncoding = 4; lastKnownFileType = sourcecode.c.h; path = ChooseSpaceCell.h; sourceTree = "<group>"; };
		18E0B6C816717C9E00968F01 /* ChooseSpaceCell.m */ = {isa = PBXFileReference; fileEncoding = 4; lastKnownFileType = sourcecode.c.objc; path = ChooseSpaceCell.m; sourceTree = "<group>"; };
		18E0B6CB16717CB200968F01 /* ChooseSpaceCell.xib */ = {isa = PBXFileReference; fileEncoding = 4; lastKnownFileType = file.xib; path = ChooseSpaceCell.xib; sourceTree = "<group>"; };
		18E508A116743EDA0003BD0C /* SearchFlightConditionCell.h */ = {isa = PBXFileReference; fileEncoding = 4; lastKnownFileType = sourcecode.c.h; path = SearchFlightConditionCell.h; sourceTree = "<group>"; };
		18E508A216743EDA0003BD0C /* SearchFlightConditionCell.m */ = {isa = PBXFileReference; fileEncoding = 4; lastKnownFileType = sourcecode.c.objc; path = SearchFlightConditionCell.m; sourceTree = "<group>"; };
		18E508A416743EE90003BD0C /* SearchFlightConditionCell.xib */ = {isa = PBXFileReference; fileEncoding = 4; lastKnownFileType = file.xib; path = SearchFlightConditionCell.xib; sourceTree = "<group>"; };
		18E508B116747B840003BD0C /* EGORefreshTableHeaderView.h */ = {isa = PBXFileReference; fileEncoding = 4; lastKnownFileType = sourcecode.c.h; path = EGORefreshTableHeaderView.h; sourceTree = "<group>"; };
		18E508B216747B840003BD0C /* EGORefreshTableHeaderView.m */ = {isa = PBXFileReference; fileEncoding = 4; lastKnownFileType = sourcecode.c.objc; path = EGORefreshTableHeaderView.m; sourceTree = "<group>"; };
		18E508B416747B840003BD0C /* blackArrow.png */ = {isa = PBXFileReference; lastKnownFileType = image.png; path = blackArrow.png; sourceTree = "<group>"; };
		18E508B516747B840003BD0C /* blackArrow@2x.png */ = {isa = PBXFileReference; lastKnownFileType = image.png; path = "blackArrow@2x.png"; sourceTree = "<group>"; };
		18E508B616747B840003BD0C /* blueArrow.png */ = {isa = PBXFileReference; lastKnownFileType = image.png; path = blueArrow.png; sourceTree = "<group>"; };
		18E508B716747B840003BD0C /* blueArrow@2x.png */ = {isa = PBXFileReference; lastKnownFileType = image.png; path = "blueArrow@2x.png"; sourceTree = "<group>"; };
		18E508B816747B840003BD0C /* grayArrow.png */ = {isa = PBXFileReference; lastKnownFileType = image.png; path = grayArrow.png; sourceTree = "<group>"; };
		18E508B916747B840003BD0C /* grayArrow@2x.png */ = {isa = PBXFileReference; lastKnownFileType = image.png; path = "grayArrow@2x.png"; sourceTree = "<group>"; };
		18E508BA16747B840003BD0C /* whiteArrow.png */ = {isa = PBXFileReference; lastKnownFileType = image.png; path = whiteArrow.png; sourceTree = "<group>"; };
		18E508BB16747B840003BD0C /* whiteArrow@2x.png */ = {isa = PBXFileReference; lastKnownFileType = image.png; path = "whiteArrow@2x.png"; sourceTree = "<group>"; };
		18E677F216787910008E187C /* AddressBook.framework */ = {isa = PBXFileReference; lastKnownFileType = wrapper.framework; name = AddressBook.framework; path = System/Library/Frameworks/AddressBook.framework; sourceTree = SDKROOT; };
		18EAE78E16702AC300CA6265 /* ShowSelectedResultViewController.h */ = {isa = PBXFileReference; fileEncoding = 4; lastKnownFileType = sourcecode.c.h; path = ShowSelectedResultViewController.h; sourceTree = "<group>"; };
		18EAE78F16702AC300CA6265 /* ShowSelectedResultViewController.m */ = {isa = PBXFileReference; fileEncoding = 4; lastKnownFileType = sourcecode.c.objc; path = ShowSelectedResultViewController.m; sourceTree = "<group>"; };
		18EAE79016702AC300CA6265 /* ShowSelectedResultViewController.xib */ = {isa = PBXFileReference; fileEncoding = 4; lastKnownFileType = file.xib; path = ShowSelectedResultViewController.xib; sourceTree = "<group>"; };
		18EAE79516703B3800CA6265 /* SelectResultCell.h */ = {isa = PBXFileReference; fileEncoding = 4; lastKnownFileType = sourcecode.c.h; path = SelectResultCell.h; sourceTree = "<group>"; };
		18EAE79616703B3800CA6265 /* SelectResultCell.m */ = {isa = PBXFileReference; fileEncoding = 4; lastKnownFileType = sourcecode.c.objc; path = SelectResultCell.m; sourceTree = "<group>"; };
		18EAE79816703B7400CA6265 /* SelectResultCell.xib */ = {isa = PBXFileReference; fileEncoding = 4; lastKnownFileType = file.xib; path = SelectResultCell.xib; sourceTree = "<group>"; };
		18EAE7AE16705F7300CA6265 /* CustomTableView.h */ = {isa = PBXFileReference; fileEncoding = 4; lastKnownFileType = sourcecode.c.h; path = CustomTableView.h; sourceTree = "<group>"; };
		18EAE7AF16705F7300CA6265 /* CustomTableView.m */ = {isa = PBXFileReference; fileEncoding = 4; lastKnownFileType = sourcecode.c.objc; path = CustomTableView.m; sourceTree = "<group>"; };
		18EAE7B216705F9E00CA6265 /* CustomTableView.xib */ = {isa = PBXFileReference; fileEncoding = 4; lastKnownFileType = file.xib; path = CustomTableView.xib; sourceTree = "<group>"; };
		18EAE7B81670699B00CA6265 /* CustomTableViewCell.h */ = {isa = PBXFileReference; fileEncoding = 4; lastKnownFileType = sourcecode.c.h; path = CustomTableViewCell.h; sourceTree = "<group>"; };
		18EAE7B91670699B00CA6265 /* CustomTableViewCell.m */ = {isa = PBXFileReference; fileEncoding = 4; lastKnownFileType = sourcecode.c.objc; path = CustomTableViewCell.m; sourceTree = "<group>"; };
		18EAE7BB167069E000CA6265 /* CustomTableViewCell.xib */ = {isa = PBXFileReference; fileEncoding = 4; lastKnownFileType = file.xib; path = CustomTableViewCell.xib; sourceTree = "<group>"; };
		18EAE7C216707ED400CA6265 /* WriteOrderViewController.h */ = {isa = PBXFileReference; fileEncoding = 4; lastKnownFileType = sourcecode.c.h; path = WriteOrderViewController.h; sourceTree = "<group>"; };
		18EAE7C316707ED500CA6265 /* WriteOrderViewController.m */ = {isa = PBXFileReference; fileEncoding = 4; lastKnownFileType = sourcecode.c.objc; path = WriteOrderViewController.m; sourceTree = "<group>"; };
		18EAE7C416707ED500CA6265 /* WriteOrderViewController.xib */ = {isa = PBXFileReference; fileEncoding = 4; lastKnownFileType = file.xib; path = WriteOrderViewController.xib; sourceTree = "<group>"; };
		18EAE7C71670874E00CA6265 /* WriteOrderCell.h */ = {isa = PBXFileReference; fileEncoding = 4; lastKnownFileType = sourcecode.c.h; path = WriteOrderCell.h; sourceTree = "<group>"; };
		18EAE7C81670874E00CA6265 /* WriteOrderCell.m */ = {isa = PBXFileReference; fileEncoding = 4; lastKnownFileType = sourcecode.c.objc; path = WriteOrderCell.m; sourceTree = "<group>"; };
		18EAE7CA1670876800CA6265 /* WriteOrderCell.xib */ = {isa = PBXFileReference; fileEncoding = 4; lastKnownFileType = file.xib; path = WriteOrderCell.xib; sourceTree = "<group>"; };
		18EAE7CC16708BFA00CA6265 /* WriteOrderDetailsCell.h */ = {isa = PBXFileReference; fileEncoding = 4; lastKnownFileType = sourcecode.c.h; path = WriteOrderDetailsCell.h; sourceTree = "<group>"; };
		18EAE7CD16708BFB00CA6265 /* WriteOrderDetailsCell.m */ = {isa = PBXFileReference; fileEncoding = 4; lastKnownFileType = sourcecode.c.objc; path = WriteOrderDetailsCell.m; sourceTree = "<group>"; };
		18EAE7CF16708C0F00CA6265 /* WriteOrderDetailsCell.xib */ = {isa = PBXFileReference; fileEncoding = 4; lastKnownFileType = file.xib; path = WriteOrderDetailsCell.xib; sourceTree = "<group>"; };
/* End PBXFileReference section */

/* Begin PBXFrameworksBuildPhase section */
		145394E2166F220D00417F61 /* Frameworks */ = {
			isa = PBXFrameworksBuildPhase;
			buildActionMask = 2147483647;
			files = (
				18E677F316787910008E187C /* AddressBook.framework in Frameworks */,
				14ED61F61672F1960019DC23 /* libsqlite3.0.dylib in Frameworks */,
				180E227116719111002A7228 /* libz.dylib in Frameworks */,
				180E226F167190F6002A7228 /* MobileCoreServices.framework in Frameworks */,
				180E226D167190EF002A7228 /* SystemConfiguration.framework in Frameworks */,
				180E226B167190E4002A7228 /* CFNetwork.framework in Frameworks */,
				1427935B1670361C00E2E1E3 /* QuartzCore.framework in Frameworks */,
				145394EA166F220D00417F61 /* UIKit.framework in Frameworks */,
				145394EC166F220D00417F61 /* Foundation.framework in Frameworks */,
				145394EE166F220D00417F61 /* CoreGraphics.framework in Frameworks */,
			);
			runOnlyForDeploymentPostprocessing = 0;
		};
/* End PBXFrameworksBuildPhase section */

/* Begin PBXGroup section */
		14279355167034BC00E2E1E3 /* UIHelper */ = {
			isa = PBXGroup;
			children = (
				142793571670351F00E2E1E3 /* UIQuickHelp.h */,
				142793581670351F00E2E1E3 /* UIQuickHelp.m */,
			);
			name = UIHelper;
			sourceTree = "<group>";
		};
		142793771670699100E2E1E3 /* chooseSpace */ = {
			isa = PBXGroup;
			children = (
				1427937A16706AB100E2E1E3 /* ChooseSpaceViewController.h */,
				1427937B16706AB100E2E1E3 /* ChooseSpaceViewController.m */,
				1427937C16706AB100E2E1E3 /* ChooseSpaceViewController.xib */,
				18E0B6C716717C9E00968F01 /* ChooseSpaceCell.h */,
				18E0B6C816717C9E00968F01 /* ChooseSpaceCell.m */,
				18E0B6CB16717CB200968F01 /* ChooseSpaceCell.xib */,
			);
			name = chooseSpace;
			sourceTree = "<group>";
		};
		1427937F167078DA00E2E1E3 /* images */ = {
			isa = PBXGroup;
			children = (
				14805BA2167875A700836353 /* TicketCheck */,
				18D01F1316783569002C13DB /* Un sel.png */,
				18D01F1416783569002C13DB /* sel.png */,
				14279380167078FC00E2E1E3 /* publicImages */,
			);
			name = images;
			sourceTree = "<group>";
		};
		14279380167078FC00E2E1E3 /* publicImages */ = {
			isa = PBXGroup;
			children = (
				14805BA51678760B00836353 /* icon_return.png */,
				142793811670792500E2E1E3 /* line.png */,
			);
			name = publicImages;
			sourceTree = "<group>";
		};
		145394DA166F220D00417F61 = {
			isa = PBXGroup;
			children = (
				145394EF166F220D00417F61 /* MyFlight2.0 */,
				145394E8166F220D00417F61 /* Frameworks */,
				145394E6166F220D00417F61 /* Products */,
			);
			sourceTree = "<group>";
		};
		145394E6166F220D00417F61 /* Products */ = {
			isa = PBXGroup;
			children = (
				145394E5166F220D00417F61 /* MyFlight2.0.app */,
			);
			name = Products;
			sourceTree = "<group>";
		};
		145394E8166F220D00417F61 /* Frameworks */ = {
			isa = PBXGroup;
			children = (
				14ED61F51672F1960019DC23 /* libsqlite3.0.dylib */,
				180E227016719111002A7228 /* libz.dylib */,
				18E677F216787910008E187C /* AddressBook.framework */,
				180E226E167190F6002A7228 /* MobileCoreServices.framework */,
				180E226C167190EF002A7228 /* SystemConfiguration.framework */,
				180E226A167190E4002A7228 /* CFNetwork.framework */,
				1427935A1670361C00E2E1E3 /* QuartzCore.framework */,
				145394E9166F220D00417F61 /* UIKit.framework */,
				145394EB166F220D00417F61 /* Foundation.framework */,
				145394ED166F220D00417F61 /* CoreGraphics.framework */,
			);
			name = Frameworks;
			sourceTree = "<group>";
		};
		145394EF166F220D00417F61 /* MyFlight2.0 */ = {
			isa = PBXGroup;
			children = (
				148059D01676E6BE00836353 /* configure */,
				180E223C16718FFF002A7228 /* RelatedResources */,
				1427937F167078DA00E2E1E3 /* images */,
				14279355167034BC00E2E1E3 /* UIHelper */,
				1823C9C4166F243F0079CA3F /* Controller */,
				1823C9C3166F24370079CA3F /* View */,
				145394F8166F220E00417F61 /* AppDelegate.h */,
				145394F9166F220E00417F61 /* AppDelegate.m */,
				14539501166F220E00417F61 /* ViewController.h */,
				14539502166F220E00417F61 /* ViewController.m */,
				14539504166F220E00417F61 /* ViewController.xib */,
				145394F0166F220D00417F61 /* Supporting Files */,
			);
			path = MyFlight2.0;
			sourceTree = "<group>";
		};
		145394F0166F220D00417F61 /* Supporting Files */ = {
			isa = PBXGroup;
			children = (
				145394F1166F220D00417F61 /* MyFlight2.0-Info.plist */,
				145394F2166F220D00417F61 /* InfoPlist.strings */,
				145394F5166F220E00417F61 /* main.m */,
				145394F7166F220E00417F61 /* MyFlight2.0-Prefix.pch */,
				145394FB166F220E00417F61 /* Default.png */,
				145394FD166F220E00417F61 /* Default@2x.png */,
				145394FF166F220E00417F61 /* Default-568h@2x.png */,
			);
			name = "Supporting Files";
			sourceTree = "<group>";
		};
		14539518166F271900417F61 /* MyCenter */ = {
			isa = PBXGroup;
			children = (
				1453951A166F278000417F61 /* MyCenterViewController.h */,
				1453951B166F278000417F61 /* MyCenterViewController.m */,
				1453951C166F278000417F61 /* MyCenterViewController.xib */,
				1427935C167039BB00E2E1E3 /* MyCenterController.h */,
				1427935D167039BB00E2E1E3 /* MyCenterController.m */,
				1427935E167039BB00E2E1E3 /* MyCenterController.xib */,
			);
			name = MyCenter;
			sourceTree = "<group>";
		};
		14539523166F2C6800417F61 /* TicketCheck */ = {
			isa = PBXGroup;
			children = (
				14805B9716786F3C00836353 /* chooseAirPorts */,
				18E0B6CD167183D300968F01 /* choosePerson */,
				142793771670699100E2E1E3 /* chooseSpace */,
				18EAE79416703AA000CA6265 /* cell */,
				18CA7391166F6EA100D7E9A3 /* OneWayCheckViewController.h */,
				18CA7392166F6EA100D7E9A3 /* OneWayCheckViewController.m */,
				18CA7393166F6EA100D7E9A3 /* OneWayCheckViewController.xib */,
				18CA739A166F739200D7E9A3 /* HistroyCheckViewController.h */,
				18CA739B166F739200D7E9A3 /* HistroyCheckViewController.m */,
				18CA739C166F739200D7E9A3 /* HistroyCheckViewController.xib */,
				18EAE78E16702AC300CA6265 /* ShowSelectedResultViewController.h */,
				18EAE78F16702AC300CA6265 /* ShowSelectedResultViewController.m */,
				18EAE79016702AC300CA6265 /* ShowSelectedResultViewController.xib */,
				142793691670412F00E2E1E3 /* BuyInsuranceViewController.h */,
				1427936A1670412F00E2E1E3 /* BuyInsuranceViewController.m */,
				1427936B1670412F00E2E1E3 /* BuyInsuranceViewController.xib */,
				18EAE7C216707ED400CA6265 /* WriteOrderViewController.h */,
				18EAE7C316707ED500CA6265 /* WriteOrderViewController.m */,
				18EAE7C416707ED500CA6265 /* WriteOrderViewController.xib */,
			);
			name = TicketCheck;
			sourceTree = "<group>";
		};
		148059CE1676E65D00836353 /* CityAndAirPorts */ = {
			isa = PBXGroup;
			children = (
				14805B8D1678349100836353 /* DataBaseVersionConfigure.plist */,
				14805B8B16782CF400836353 /* AirPortDataBase.sqlite */,
				14805B8816782B2A00836353 /* AirPortData.h */,
				14805B8916782B2A00836353 /* AirPortData.m */,
				14805B8416782A8E00836353 /* AirPortDataBase.h */,
				14805B8516782A8E00836353 /* AirPortDataBase.m */,
				14805B8F16783A1200836353 /* AirPortDataBaseSingleton.h */,
				14805B9016783A1300836353 /* AirPortDataBaseSingleton.m */,
			);
			name = CityAndAirPorts;
			sourceTree = "<group>";
		};
		148059D01676E6BE00836353 /* configure */ = {
			isa = PBXGroup;
			children = (
				14805A0E1676F04B00836353 /* AppConfigure.h */,
				14805A0F1676F0DF00836353 /* AirPortsUility.h */,
				14805A101676F13000836353 /* PublicConstUrls.h */,
			);
			name = configure;
			sourceTree = "<group>";
		};
		14805B9716786F3C00836353 /* chooseAirPorts */ = {
			isa = PBXGroup;
			children = (
				14241AC61679BDEC00D84663 /* AutomaticPositioningCell.h */,
				14241AC71679BDEC00D84663 /* AutomaticPositioningCell.m */,
				14241AC81679BDEC00D84663 /* AutomaticPositioningCell.xib */,
				14241ABD1679BD2F00D84663 /* ChooseAirPortViewController.h */,
				14241ABE1679BD2F00D84663 /* ChooseAirPortViewController.m */,
				14241ABF1679BD2F00D84663 /* ChooseAirPortViewController.xib */,
				14241AB71679BD2200D84663 /* ChooseAirPortCell.h */,
				14241AB81679BD2200D84663 /* ChooseAirPortCell.m */,
				14241AB91679BD2200D84663 /* ChooseAirPortCell.xib */,
			);
			name = chooseAirPorts;
			sourceTree = "<group>";
		};
		14805BA2167875A700836353 /* TicketCheck */ = {
			isa = PBXGroup;
			children = (
				14241AB11679ADD700D84663 /* arrive.png */,
				14241AAE1679ADC600D84663 /* depart.png */,
				14805BA3167875E900836353 /* bg_pek.png */,
			);
			name = TicketCheck;
			sourceTree = "<group>";
		};
		14ED61E01672F16D0019DC23 /* FMDB */ = {
			isa = PBXGroup;
			children = (
				14ED61E11672F16D0019DC23 /* FMDatabase.h */,
				14ED61E21672F16D0019DC23 /* FMDatabase.m */,
				14ED61E31672F16D0019DC23 /* FMDatabaseAdditions.h */,
				14ED61E41672F16D0019DC23 /* FMDatabaseAdditions.m */,
				14ED61E51672F16D0019DC23 /* FMDatabasePool.h */,
				14ED61E61672F16D0019DC23 /* FMDatabasePool.m */,
				14ED61E71672F16D0019DC23 /* FMDatabaseQueue.h */,
				14ED61E81672F16D0019DC23 /* FMDatabaseQueue.m */,
				14ED61E91672F16D0019DC23 /* FMDBd使用说明.txt */,
				14ED61EA1672F16D0019DC23 /* FMDB使用.html */,
				14ED61EB1672F16D0019DC23 /* FMResultSet.h */,
				14ED61EC1672F16D0019DC23 /* FMResultSet.m */,
			);
			path = FMDB;
			sourceTree = "<group>";
		};
		180E223C16718FFF002A7228 /* RelatedResources */ = {
			isa = PBXGroup;
			children = (
				18E508AE16747B840003BD0C /* EGOTableViewPullRefresh */,
				14ED61E01672F16D0019DC23 /* FMDB */,
				180E225E16719094002A7228 /* JSONKit */,
				180E223E1671908E002A7228 /* ASIHTTPRequestDoc */,
			);
			name = RelatedResources;
			sourceTree = "<group>";
		};
		180E223E1671908E002A7228 /* ASIHTTPRequestDoc */ = {
			isa = PBXGroup;
			children = (
				180E223F1671908E002A7228 /* ASIAuthenticationDialog.h */,
				180E22401671908E002A7228 /* ASIAuthenticationDialog.m */,
				180E22411671908E002A7228 /* ASICacheDelegate.h */,
				180E22421671908E002A7228 /* ASIDataCompressor.h */,
				180E22431671908E002A7228 /* ASIDataCompressor.m */,
				180E22441671908E002A7228 /* ASIDataDecompressor.h */,
				180E22451671908E002A7228 /* ASIDataDecompressor.m */,
				180E22461671908E002A7228 /* ASIDownloadCache.h */,
				180E22471671908E002A7228 /* ASIDownloadCache.m */,
				180E22481671908E002A7228 /* ASIFormDataRequest.h */,
				180E22491671908E002A7228 /* ASIFormDataRequest.m */,
				180E224A1671908E002A7228 /* ASIHTTPRequest.h */,
				180E224B1671908E002A7228 /* ASIHTTPRequest.m */,
				180E224C1671908E002A7228 /* ASIHTTPRequestConfig.h */,
				180E224D1671908E002A7228 /* ASIHTTPRequestDelegate.h */,
				180E224E1671908E002A7228 /* ASIInputStream.h */,
				180E224F1671908E002A7228 /* ASIInputStream.m */,
				180E22501671908E002A7228 /* ASINetworkQueue.h */,
				180E22511671908E002A7228 /* ASINetworkQueue.m */,
				180E22521671908E002A7228 /* ASIProgressDelegate.h */,
				180E22531671908E002A7228 /* Reachability.h */,
				180E22541671908E002A7228 /* Reachability.m */,
			);
			path = ASIHTTPRequestDoc;
			sourceTree = "<group>";
		};
		180E225E16719094002A7228 /* JSONKit */ = {
			isa = PBXGroup;
			children = (
				180E225F16719094002A7228 /* CHANGELOG.md */,
				180E226016719094002A7228 /* JSONKit.h */,
				180E226116719094002A7228 /* JSONKit.m */,
				180E226216719094002A7228 /* README.md */,
			);
			path = JSONKit;
			sourceTree = "<group>";
		};
		180E22811671B387002A7228 /* Loging */ = {
			isa = PBXGroup;
			children = (
				180E22821671B3D4002A7228 /* LogViewController.h */,
				180E22831671B3D4002A7228 /* LogViewController.m */,
				180E22841671B3D4002A7228 /* LogViewController.xib */,
				180E228B1671BB6F002A7228 /* RegisterViewController.h */,
				180E228C1671BB6F002A7228 /* RegisterViewController.m */,
				180E228D1671BB6F002A7228 /* RegisterViewController.xib */,
			);
			name = Loging;
			sourceTree = "<group>";
		};
		180E22D31671E7B6002A7228 /* FlightCondition */ = {
			isa = PBXGroup;
			children = (
				180E22E31671F411002A7228 /* SearchFlightConditionController.h */,
				180E22E41671F411002A7228 /* SearchFlightConditionController.m */,
				180E22E51671F411002A7228 /* SearchFlightConditionController.xib */,
				18D1BBDF167363AC00FE7B8F /* ShowFligthConditionController.h */,
				18D1BBE0167363AC00FE7B8F /* ShowFligthConditionController.m */,
				18D1BBE1167363AC00FE7B8F /* ShowFligthConditionController.xib */,
				18E508A116743EDA0003BD0C /* SearchFlightConditionCell.h */,
				18E508A216743EDA0003BD0C /* SearchFlightConditionCell.m */,
				18E508A416743EE90003BD0C /* SearchFlightConditionCell.xib */,
			);
			name = FlightCondition;
			sourceTree = "<group>";
		};
		1823C9C1166F24240079CA3F /* Model */ = {
			isa = PBXGroup;
			children = (
				148059CE1676E65D00836353 /* CityAndAirPorts */,
				180E22E81671F4E6002A7228 /* DNWrapper.h */,
				180E22E91671F4E6002A7228 /* DNWrapper.m */,
				180E22721671919F002A7228 /* SearchAirPort.h */,
				180E22731671919F002A7228 /* SearchAirPort.m */,
				18478C63167332AD00D3AFCD /* SearchFlightCondition.h */,
				18478C64167332AD00D3AFCD /* SearchFlightCondition.m */,
				18DD1D371675BF7A006B59AB /* TransitionString.h */,
				18DD1D381675BF7A006B59AB /* TransitionString.m */,
				18DD1D3A1675D01D006B59AB /* SearchFlightData.h */,
				18DD1D3B1675D01D006B59AB /* SearchFlightData.m */,
			);
			name = Model;
			sourceTree = "<group>";
		};
		1823C9C3166F24370079CA3F /* View */ = {
			isa = PBXGroup;
			children = (
				18EAE7AE16705F7300CA6265 /* CustomTableView.h */,
				18EAE7AF16705F7300CA6265 /* CustomTableView.m */,
				18EAE7B216705F9E00CA6265 /* CustomTableView.xib */,
				18EAE7B81670699B00CA6265 /* CustomTableViewCell.h */,
				18EAE7B91670699B00CA6265 /* CustomTableViewCell.m */,
				18EAE7BB167069E000CA6265 /* CustomTableViewCell.xib */,
				1823C9C1166F24240079CA3F /* Model */,
			);
			name = View;
			sourceTree = "<group>";
		};
		1823C9C4166F243F0079CA3F /* Controller */ = {
			isa = PBXGroup;
			children = (
				180E22D31671E7B6002A7228 /* FlightCondition */,
				180E22811671B387002A7228 /* Loging */,
				14539523166F2C6800417F61 /* TicketCheck */,
				14539518166F271900417F61 /* MyCenter */,
			);
			name = Controller;
			sourceTree = "<group>";
		};
		18D01F0616782C2A002C13DB /* addPerson */ = {
			isa = PBXGroup;
			children = (
				18CC772B167711FF001106FB /* AddPersonController.h */,
				18CC772C167711FF001106FB /* AddPersonController.m */,
				18CC772D167711FF001106FB /* AddPersonController.xib */,
				18CC773016771442001106FB /* AddPersonCell.h */,
				18CC773116771442001106FB /* AddPersonCell.m */,
				18CC773316771462001106FB /* AddPersonCell.xib */,
				18CC773A16771804001106FB /* AddPersonSwitchCell.h */,
				18CC773B16771805001106FB /* AddPersonSwitchCell.m */,
				18CC773D16771819001106FB /* AddPersonSwitchCell.xib */,
				18CC773F16771D8D001106FB /* IdentityViewController.h */,
				18CC774016771D8E001106FB /* IdentityViewController.m */,
			);
			name = addPerson;
			sourceTree = "<group>";
		};
		18D01F0816782C4A002C13DB /* choose */ = {
			isa = PBXGroup;
			children = (
				14241AD91679C08700D84663 /* ChoosePersonController.h */,
				14241ADA1679C08700D84663 /* ChoosePersonController.m */,
				14241ADB1679C08700D84663 /* ChoosePersonController.xib */,
				14241AD41679C05A00D84663 /* ChoosePersonCell.h */,
				14241AD51679C05A00D84663 /* ChoosePersonCell.m */,
				14241AD61679C05A00D84663 /* ChoosePersonCell.xib */,
			);
			name = choose;
			sourceTree = "<group>";
		};
		18E0B6CD167183D300968F01 /* choosePerson */ = {
			isa = PBXGroup;
			children = (
				18D01F0816782C4A002C13DB /* choose */,
				18D01F0616782C2A002C13DB /* addPerson */,
			);
			name = choosePerson;
			sourceTree = "<group>";
		};
		18E508AE16747B840003BD0C /* EGOTableViewPullRefresh */ = {
			isa = PBXGroup;
			children = (
				18E508AF16747B840003BD0C /* Classes */,
				18E508B316747B840003BD0C /* Resources */,
			);
			path = EGOTableViewPullRefresh;
			sourceTree = "<group>";
		};
		18E508AF16747B840003BD0C /* Classes */ = {
			isa = PBXGroup;
			children = (
				18E508B016747B840003BD0C /* View */,
			);
			path = Classes;
			sourceTree = "<group>";
		};
		18E508B016747B840003BD0C /* View */ = {
			isa = PBXGroup;
			children = (
				18E508B116747B840003BD0C /* EGORefreshTableHeaderView.h */,
				18E508B216747B840003BD0C /* EGORefreshTableHeaderView.m */,
			);
			path = View;
			sourceTree = "<group>";
		};
		18E508B316747B840003BD0C /* Resources */ = {
			isa = PBXGroup;
			children = (
				18E508B416747B840003BD0C /* blackArrow.png */,
				18E508B516747B840003BD0C /* blackArrow@2x.png */,
				18E508B616747B840003BD0C /* blueArrow.png */,
				18E508B716747B840003BD0C /* blueArrow@2x.png */,
				18E508B816747B840003BD0C /* grayArrow.png */,
				18E508B916747B840003BD0C /* grayArrow@2x.png */,
				18E508BA16747B840003BD0C /* whiteArrow.png */,
				18E508BB16747B840003BD0C /* whiteArrow@2x.png */,
			);
			path = Resources;
			sourceTree = "<group>";
		};
		18EAE79416703AA000CA6265 /* cell */ = {
			isa = PBXGroup;
			children = (
				18EAE79516703B3800CA6265 /* SelectResultCell.h */,
				18EAE79616703B3800CA6265 /* SelectResultCell.m */,
				18EAE79816703B7400CA6265 /* SelectResultCell.xib */,
				18EAE7C71670874E00CA6265 /* WriteOrderCell.h */,
				18EAE7C81670874E00CA6265 /* WriteOrderCell.m */,
				18EAE7CA1670876800CA6265 /* WriteOrderCell.xib */,
				18EAE7CC16708BFA00CA6265 /* WriteOrderDetailsCell.h */,
				18EAE7CD16708BFB00CA6265 /* WriteOrderDetailsCell.m */,
				18EAE7CF16708C0F00CA6265 /* WriteOrderDetailsCell.xib */,
				18D88F571670967400A3B959 /* WriterOrderCommonCell.h */,
				18D88F581670967400A3B959 /* WriterOrderCommonCell.m */,
				18D88F5B1670968700A3B959 /* WriterOrderCommonCell.xib */,
				18D88F6A167099DC00A3B959 /* WirterOrderTwoLineCell.h */,
				18D88F6B167099DC00A3B959 /* WirterOrderTwoLineCell.m */,
				18D88F6D167099EE00A3B959 /* WirterOrderTwoLineCell.xib */,
			);
			name = cell;
			sourceTree = "<group>";
		};
/* End PBXGroup section */

/* Begin PBXNativeTarget section */
		145394E4166F220D00417F61 /* MyFlight2.0 */ = {
			isa = PBXNativeTarget;
			buildConfigurationList = 14539509166F220E00417F61 /* Build configuration list for PBXNativeTarget "MyFlight2.0" */;
			buildPhases = (
				145394E1166F220D00417F61 /* Sources */,
				145394E2166F220D00417F61 /* Frameworks */,
				145394E3166F220D00417F61 /* Resources */,
			);
			buildRules = (
			);
			dependencies = (
			);
			name = MyFlight2.0;
			productName = MyFlight2.0;
			productReference = 145394E5166F220D00417F61 /* MyFlight2.0.app */;
			productType = "com.apple.product-type.application";
		};
/* End PBXNativeTarget section */

/* Begin PBXProject section */
		145394DC166F220D00417F61 /* Project object */ = {
			isa = PBXProject;
			attributes = {
				LastUpgradeCheck = 0450;
				ORGANIZATIONNAME = "LIAN YOU";
			};
			buildConfigurationList = 145394DF166F220D00417F61 /* Build configuration list for PBXProject "MyFlight2.0" */;
			compatibilityVersion = "Xcode 3.2";
			developmentRegion = English;
			hasScannedForEncodings = 0;
			knownRegions = (
				en,
			);
			mainGroup = 145394DA166F220D00417F61;
			productRefGroup = 145394E6166F220D00417F61 /* Products */;
			projectDirPath = "";
			projectRoot = "";
			targets = (
				145394E4166F220D00417F61 /* MyFlight2.0 */,
			);
		};
/* End PBXProject section */

/* Begin PBXResourcesBuildPhase section */
		145394E3166F220D00417F61 /* Resources */ = {
			isa = PBXResourcesBuildPhase;
			buildActionMask = 2147483647;
			files = (
				145394F4166F220D00417F61 /* InfoPlist.strings in Resources */,
				145394FC166F220E00417F61 /* Default.png in Resources */,
				145394FE166F220E00417F61 /* Default@2x.png in Resources */,
				14539500166F220E00417F61 /* Default-568h@2x.png in Resources */,
				14539506166F220E00417F61 /* ViewController.xib in Resources */,
				1453951E166F278000417F61 /* MyCenterViewController.xib in Resources */,
				18CA7395166F6EA100D7E9A3 /* OneWayCheckViewController.xib in Resources */,
				18CA739E166F739200D7E9A3 /* HistroyCheckViewController.xib in Resources */,
				18EAE79216702AC300CA6265 /* ShowSelectedResultViewController.xib in Resources */,
				18EAE79916703B7400CA6265 /* SelectResultCell.xib in Resources */,
				14279360167039BB00E2E1E3 /* MyCenterController.xib in Resources */,
				1427936D1670412F00E2E1E3 /* BuyInsuranceViewController.xib in Resources */,
				18EAE7B316705F9E00CA6265 /* CustomTableView.xib in Resources */,
				18EAE7BC167069E000CA6265 /* CustomTableViewCell.xib in Resources */,
				18EAE7C616707ED600CA6265 /* WriteOrderViewController.xib in Resources */,
				18EAE7CB1670876900CA6265 /* WriteOrderCell.xib in Resources */,
				18EAE7D016708C0F00CA6265 /* WriteOrderDetailsCell.xib in Resources */,
				1427937E16706AB100E2E1E3 /* ChooseSpaceViewController.xib in Resources */,
				142793821670792500E2E1E3 /* line.png in Resources */,
				18D88F5C1670968700A3B959 /* WriterOrderCommonCell.xib in Resources */,
				18D88F6E167099EF00A3B959 /* WirterOrderTwoLineCell.xib in Resources */,
				18E0B6CC16717CB200968F01 /* ChooseSpaceCell.xib in Resources */,
				180E226316719094002A7228 /* CHANGELOG.md in Resources */,
				180E226516719094002A7228 /* README.md in Resources */,
				180E22861671B3D4002A7228 /* LogViewController.xib in Resources */,
				180E228F1671BB6F002A7228 /* RegisterViewController.xib in Resources */,
				180E22E71671F411002A7228 /* SearchFlightConditionController.xib in Resources */,
				14ED61F11672F16D0019DC23 /* FMDBd使用说明.txt in Resources */,
				14ED61F21672F16D0019DC23 /* FMDB使用.html in Resources */,
				18D1BBE3167363AC00FE7B8F /* ShowFligthConditionController.xib in Resources */,
				18E508A516743EE90003BD0C /* SearchFlightConditionCell.xib in Resources */,
				18E508BD16747B840003BD0C /* blackArrow.png in Resources */,
				18E508BE16747B840003BD0C /* blackArrow@2x.png in Resources */,
				18E508BF16747B840003BD0C /* blueArrow.png in Resources */,
				18E508C016747B840003BD0C /* blueArrow@2x.png in Resources */,
				18E508C116747B840003BD0C /* grayArrow.png in Resources */,
				18E508C216747B840003BD0C /* grayArrow@2x.png in Resources */,
				18E508C316747B840003BD0C /* whiteArrow.png in Resources */,
				18E508C416747B840003BD0C /* whiteArrow@2x.png in Resources */,
				18CC772F167711FF001106FB /* AddPersonController.xib in Resources */,
				18CC773416771462001106FB /* AddPersonCell.xib in Resources */,
				18CC773E1677181A001106FB /* AddPersonSwitchCell.xib in Resources */,
				14805B8C16782CF500836353 /* AirPortDataBase.sqlite in Resources */,
				14805B8E1678349200836353 /* DataBaseVersionConfigure.plist in Resources */,
				14805BA4167875E900836353 /* bg_pek.png in Resources */,
				14805BA61678760B00836353 /* icon_return.png in Resources */,
				18D01F1516783569002C13DB /* Un sel.png in Resources */,
				18D01F1616783569002C13DB /* sel.png in Resources */,
				14241AAF1679ADC600D84663 /* depart.png in Resources */,
				14241AB21679ADD700D84663 /* arrive.png in Resources */,
				14241ABB1679BD2200D84663 /* ChooseAirPortCell.xib in Resources */,
				14241AC11679BD2F00D84663 /* ChooseAirPortViewController.xib in Resources */,
				14241ACA1679BDEC00D84663 /* AutomaticPositioningCell.xib in Resources */,
				14241AD81679C05A00D84663 /* ChoosePersonCell.xib in Resources */,
				14241ADD1679C08700D84663 /* ChoosePersonController.xib in Resources */,
			);
			runOnlyForDeploymentPostprocessing = 0;
		};
/* End PBXResourcesBuildPhase section */

/* Begin PBXSourcesBuildPhase section */
		145394E1166F220D00417F61 /* Sources */ = {
			isa = PBXSourcesBuildPhase;
			buildActionMask = 2147483647;
			files = (
				145394F6166F220E00417F61 /* main.m in Sources */,
				145394FA166F220E00417F61 /* AppDelegate.m in Sources */,
				14539503166F220E00417F61 /* ViewController.m in Sources */,
				1453951D166F278000417F61 /* MyCenterViewController.m in Sources */,
				18CA7394166F6EA100D7E9A3 /* OneWayCheckViewController.m in Sources */,
				18CA739D166F739200D7E9A3 /* HistroyCheckViewController.m in Sources */,
				18EAE79116702AC300CA6265 /* ShowSelectedResultViewController.m in Sources */,
				18EAE79716703B3800CA6265 /* SelectResultCell.m in Sources */,
				142793591670351F00E2E1E3 /* UIQuickHelp.m in Sources */,
				1427935F167039BB00E2E1E3 /* MyCenterController.m in Sources */,
				1427936C1670412F00E2E1E3 /* BuyInsuranceViewController.m in Sources */,
				18EAE7B016705F7300CA6265 /* CustomTableView.m in Sources */,
				18EAE7BA1670699B00CA6265 /* CustomTableViewCell.m in Sources */,
				18EAE7C516707ED600CA6265 /* WriteOrderViewController.m in Sources */,
				18EAE7C91670874E00CA6265 /* WriteOrderCell.m in Sources */,
				18EAE7CE16708BFC00CA6265 /* WriteOrderDetailsCell.m in Sources */,
				1427937D16706AB100E2E1E3 /* ChooseSpaceViewController.m in Sources */,
				18D88F591670967400A3B959 /* WriterOrderCommonCell.m in Sources */,
				18D88F6C167099DC00A3B959 /* WirterOrderTwoLineCell.m in Sources */,
				18E0B6C916717C9E00968F01 /* ChooseSpaceCell.m in Sources */,
				180E22551671908E002A7228 /* ASIAuthenticationDialog.m in Sources */,
				180E22561671908E002A7228 /* ASIDataCompressor.m in Sources */,
				180E22571671908E002A7228 /* ASIDataDecompressor.m in Sources */,
				180E22581671908E002A7228 /* ASIDownloadCache.m in Sources */,
				180E22591671908E002A7228 /* ASIFormDataRequest.m in Sources */,
				180E225A1671908E002A7228 /* ASIHTTPRequest.m in Sources */,
				180E225B1671908E002A7228 /* ASIInputStream.m in Sources */,
				180E225C1671908E002A7228 /* ASINetworkQueue.m in Sources */,
				180E225D1671908E002A7228 /* Reachability.m in Sources */,
				180E226416719094002A7228 /* JSONKit.m in Sources */,
				180E22741671919F002A7228 /* SearchAirPort.m in Sources */,
				180E22851671B3D4002A7228 /* LogViewController.m in Sources */,
				180E228E1671BB6F002A7228 /* RegisterViewController.m in Sources */,
				180E22E61671F411002A7228 /* SearchFlightConditionController.m in Sources */,
				180E22EA1671F4E6002A7228 /* DNWrapper.m in Sources */,
				14ED61ED1672F16D0019DC23 /* FMDatabase.m in Sources */,
				14ED61EE1672F16D0019DC23 /* FMDatabaseAdditions.m in Sources */,
				14ED61EF1672F16D0019DC23 /* FMDatabasePool.m in Sources */,
				14ED61F01672F16D0019DC23 /* FMDatabaseQueue.m in Sources */,
				14ED61F31672F16D0019DC23 /* FMResultSet.m in Sources */,
				18478C65167332AD00D3AFCD /* SearchFlightCondition.m in Sources */,
				18D1BBE2167363AC00FE7B8F /* ShowFligthConditionController.m in Sources */,
				18E508A316743EDA0003BD0C /* SearchFlightConditionCell.m in Sources */,
				18E508BC16747B840003BD0C /* EGORefreshTableHeaderView.m in Sources */,
				18DD1D391675BF7A006B59AB /* TransitionString.m in Sources */,
				18DD1D3C1675D01E006B59AB /* SearchFlightData.m in Sources */,
				18CC772E167711FF001106FB /* AddPersonController.m in Sources */,
				18CC773216771442001106FB /* AddPersonCell.m in Sources */,
				18CC773C16771806001106FB /* AddPersonSwitchCell.m in Sources */,
				18CC774116771D8E001106FB /* IdentityViewController.m in Sources */,
				14805B8616782A8E00836353 /* AirPortDataBase.m in Sources */,
				14805B8A16782B2B00836353 /* AirPortData.m in Sources */,
				14805B9116783A1400836353 /* AirPortDataBaseSingleton.m in Sources */,
				14241ABA1679BD2200D84663 /* ChooseAirPortCell.m in Sources */,
				14241AC01679BD2F00D84663 /* ChooseAirPortViewController.m in Sources */,
				14241AC91679BDEC00D84663 /* AutomaticPositioningCell.m in Sources */,
				14241AD71679C05A00D84663 /* ChoosePersonCell.m in Sources */,
				14241ADC1679C08700D84663 /* ChoosePersonController.m in Sources */,
			);
			runOnlyForDeploymentPostprocessing = 0;
		};
/* End PBXSourcesBuildPhase section */

/* Begin PBXVariantGroup section */
		145394F2166F220D00417F61 /* InfoPlist.strings */ = {
			isa = PBXVariantGroup;
			children = (
				145394F3166F220D00417F61 /* en */,
			);
			name = InfoPlist.strings;
			sourceTree = "<group>";
		};
		14539504166F220E00417F61 /* ViewController.xib */ = {
			isa = PBXVariantGroup;
			children = (
				14539505166F220E00417F61 /* en */,
			);
			name = ViewController.xib;
			sourceTree = "<group>";
		};
/* End PBXVariantGroup section */

/* Begin XCBuildConfiguration section */
		14539507166F220E00417F61 /* Debug */ = {
			isa = XCBuildConfiguration;
			buildSettings = {
				ALWAYS_SEARCH_USER_PATHS = NO;
				CLANG_CXX_LANGUAGE_STANDARD = "gnu++0x";
				CLANG_CXX_LIBRARY = "libc++";
				CLANG_WARN_EMPTY_BODY = YES;
				CLANG_WARN__DUPLICATE_METHOD_MATCH = YES;
				"CODE_SIGN_IDENTITY[sdk=iphoneos*]" = "iPhone Developer";
				COPY_PHASE_STRIP = NO;
				GCC_C_LANGUAGE_STANDARD = gnu99;
				GCC_DYNAMIC_NO_PIC = NO;
				GCC_OPTIMIZATION_LEVEL = 0;
				GCC_PREPROCESSOR_DEFINITIONS = (
					"DEBUG=1",
					"$(inherited)",
				);
				GCC_SYMBOLS_PRIVATE_EXTERN = NO;
				GCC_WARN_ABOUT_RETURN_TYPE = YES;
				GCC_WARN_UNINITIALIZED_AUTOS = YES;
				GCC_WARN_UNUSED_VARIABLE = YES;
				IPHONEOS_DEPLOYMENT_TARGET = 6.0;
				ONLY_ACTIVE_ARCH = YES;
				SDKROOT = iphoneos;
			};
			name = Debug;
		};
		14539508166F220E00417F61 /* Release */ = {
			isa = XCBuildConfiguration;
			buildSettings = {
				ALWAYS_SEARCH_USER_PATHS = NO;
				CLANG_CXX_LANGUAGE_STANDARD = "gnu++0x";
				CLANG_CXX_LIBRARY = "libc++";
				CLANG_WARN_EMPTY_BODY = YES;
				CLANG_WARN__DUPLICATE_METHOD_MATCH = YES;
				"CODE_SIGN_IDENTITY[sdk=iphoneos*]" = "iPhone Developer";
				COPY_PHASE_STRIP = YES;
				GCC_C_LANGUAGE_STANDARD = gnu99;
				GCC_WARN_ABOUT_RETURN_TYPE = YES;
				GCC_WARN_UNINITIALIZED_AUTOS = YES;
				GCC_WARN_UNUSED_VARIABLE = YES;
				IPHONEOS_DEPLOYMENT_TARGET = 6.0;
				OTHER_CFLAGS = "-DNS_BLOCK_ASSERTIONS=1";
				SDKROOT = iphoneos;
				VALIDATE_PRODUCT = YES;
			};
			name = Release;
		};
		1453950A166F220E00417F61 /* Debug */ = {
			isa = XCBuildConfiguration;
			buildSettings = {
				GCC_PRECOMPILE_PREFIX_HEADER = YES;
				GCC_PREFIX_HEADER = "MyFlight2.0/MyFlight2.0-Prefix.pch";
				INFOPLIST_FILE = "MyFlight2.0/MyFlight2.0-Info.plist";
				IPHONEOS_DEPLOYMENT_TARGET = 4.3;
				PRODUCT_NAME = "$(TARGET_NAME)";
				WRAPPER_EXTENSION = app;
			};
			name = Debug;
		};
		1453950B166F220E00417F61 /* Release */ = {
			isa = XCBuildConfiguration;
			buildSettings = {
				GCC_PRECOMPILE_PREFIX_HEADER = YES;
				GCC_PREFIX_HEADER = "MyFlight2.0/MyFlight2.0-Prefix.pch";
				INFOPLIST_FILE = "MyFlight2.0/MyFlight2.0-Info.plist";
				IPHONEOS_DEPLOYMENT_TARGET = 4.3;
				PRODUCT_NAME = "$(TARGET_NAME)";
				WRAPPER_EXTENSION = app;
			};
			name = Release;
		};
/* End XCBuildConfiguration section */

/* Begin XCConfigurationList section */
		145394DF166F220D00417F61 /* Build configuration list for PBXProject "MyFlight2.0" */ = {
			isa = XCConfigurationList;
			buildConfigurations = (
				14539507166F220E00417F61 /* Debug */,
				14539508166F220E00417F61 /* Release */,
			);
			defaultConfigurationIsVisible = 0;
			defaultConfigurationName = Release;
		};
		14539509166F220E00417F61 /* Build configuration list for PBXNativeTarget "MyFlight2.0" */ = {
			isa = XCConfigurationList;
			buildConfigurations = (
				1453950A166F220E00417F61 /* Debug */,
				1453950B166F220E00417F61 /* Release */,
			);
			defaultConfigurationIsVisible = 0;
			defaultConfigurationName = Release;
		};
/* End XCConfigurationList section */
	};
	rootObject = 145394DC166F220D00417F61 /* Project object */;
}
