// !$*UTF8*$!
{
	archiveVersion = 1;
	classes = {
	};
	objectVersion = 46;
	objects = {

/* Begin PBXBuildFile section */
		142793591670351F00E2E1E3 /* UIQuickHelp.m in Sources */ = {isa = PBXBuildFile; fileRef = 142793581670351F00E2E1E3 /* UIQuickHelp.m */; };
		1427935B1670361C00E2E1E3 /* QuartzCore.framework in Frameworks */ = {isa = PBXBuildFile; fileRef = 1427935A1670361C00E2E1E3 /* QuartzCore.framework */; };
		1427935F167039BB00E2E1E3 /* MyCenterController.m in Sources */ = {isa = PBXBuildFile; fileRef = 1427935D167039BB00E2E1E3 /* MyCenterController.m */; };
		14279360167039BB00E2E1E3 /* MyCenterController.xib in Resources */ = {isa = PBXBuildFile; fileRef = 1427935E167039BB00E2E1E3 /* MyCenterController.xib */; };
		1427936C1670412F00E2E1E3 /* BuyInsuranceViewController.m in Sources */ = {isa = PBXBuildFile; fileRef = 1427936A1670412F00E2E1E3 /* BuyInsuranceViewController.m */; };
		1427936D1670412F00E2E1E3 /* BuyInsuranceViewController.xib in Resources */ = {isa = PBXBuildFile; fileRef = 1427936B1670412F00E2E1E3 /* BuyInsuranceViewController.xib */; };
		1427937D16706AB100E2E1E3 /* ChooseSpaceViewController.m in Sources */ = {isa = PBXBuildFile; fileRef = 1427937B16706AB100E2E1E3 /* ChooseSpaceViewController.m */; };
		1427937E16706AB100E2E1E3 /* ChooseSpaceViewController.xib in Resources */ = {isa = PBXBuildFile; fileRef = 1427937C16706AB100E2E1E3 /* ChooseSpaceViewController.xib */; };
		142793821670792500E2E1E3 /* line.png in Resources */ = {isa = PBXBuildFile; fileRef = 142793811670792500E2E1E3 /* line.png */; };
		145394EA166F220D00417F61 /* UIKit.framework in Frameworks */ = {isa = PBXBuildFile; fileRef = 145394E9166F220D00417F61 /* UIKit.framework */; };
		145394EC166F220D00417F61 /* Foundation.framework in Frameworks */ = {isa = PBXBuildFile; fileRef = 145394EB166F220D00417F61 /* Foundation.framework */; };
		145394EE166F220D00417F61 /* CoreGraphics.framework in Frameworks */ = {isa = PBXBuildFile; fileRef = 145394ED166F220D00417F61 /* CoreGraphics.framework */; };
		145394F4166F220D00417F61 /* InfoPlist.strings in Resources */ = {isa = PBXBuildFile; fileRef = 145394F2166F220D00417F61 /* InfoPlist.strings */; };
		145394F6166F220E00417F61 /* main.m in Sources */ = {isa = PBXBuildFile; fileRef = 145394F5166F220E00417F61 /* main.m */; };
		145394FA166F220E00417F61 /* AppDelegate.m in Sources */ = {isa = PBXBuildFile; fileRef = 145394F9166F220E00417F61 /* AppDelegate.m */; };
		145394FC166F220E00417F61 /* Default.png in Resources */ = {isa = PBXBuildFile; fileRef = 145394FB166F220E00417F61 /* Default.png */; };
		145394FE166F220E00417F61 /* Default@2x.png in Resources */ = {isa = PBXBuildFile; fileRef = 145394FD166F220E00417F61 /* Default@2x.png */; };
		14539500166F220E00417F61 /* Default-568h@2x.png in Resources */ = {isa = PBXBuildFile; fileRef = 145394FF166F220E00417F61 /* Default-568h@2x.png */; };
		14539503166F220E00417F61 /* ViewController.m in Sources */ = {isa = PBXBuildFile; fileRef = 14539502166F220E00417F61 /* ViewController.m */; };
		14539506166F220E00417F61 /* ViewController.xib in Resources */ = {isa = PBXBuildFile; fileRef = 14539504166F220E00417F61 /* ViewController.xib */; };
		1453951D166F278000417F61 /* MyCenterViewController.m in Sources */ = {isa = PBXBuildFile; fileRef = 1453951B166F278000417F61 /* MyCenterViewController.m */; };
		1453951E166F278000417F61 /* MyCenterViewController.xib in Resources */ = {isa = PBXBuildFile; fileRef = 1453951C166F278000417F61 /* MyCenterViewController.xib */; };
		18CA7394166F6EA100D7E9A3 /* OneWayCheckViewController.m in Sources */ = {isa = PBXBuildFile; fileRef = 18CA7392166F6EA100D7E9A3 /* OneWayCheckViewController.m */; };
		18CA7395166F6EA100D7E9A3 /* OneWayCheckViewController.xib in Resources */ = {isa = PBXBuildFile; fileRef = 18CA7393166F6EA100D7E9A3 /* OneWayCheckViewController.xib */; };
		18CA739D166F739200D7E9A3 /* HistroyCheckViewController.m in Sources */ = {isa = PBXBuildFile; fileRef = 18CA739B166F739200D7E9A3 /* HistroyCheckViewController.m */; };
		18CA739E166F739200D7E9A3 /* HistroyCheckViewController.xib in Resources */ = {isa = PBXBuildFile; fileRef = 18CA739C166F739200D7E9A3 /* HistroyCheckViewController.xib */; };
		18D88F591670967400A3B959 /* WriterOrderCommonCell.m in Sources */ = {isa = PBXBuildFile; fileRef = 18D88F581670967400A3B959 /* WriterOrderCommonCell.m */; };
		18D88F5C1670968700A3B959 /* WriterOrderCommonCell.xib in Resources */ = {isa = PBXBuildFile; fileRef = 18D88F5B1670968700A3B959 /* WriterOrderCommonCell.xib */; };
		18D88F6C167099DC00A3B959 /* WirterOrderTwoLineCell.m in Sources */ = {isa = PBXBuildFile; fileRef = 18D88F6B167099DC00A3B959 /* WirterOrderTwoLineCell.m */; };
		18D88F6E167099EF00A3B959 /* WirterOrderTwoLineCell.xib in Resources */ = {isa = PBXBuildFile; fileRef = 18D88F6D167099EE00A3B959 /* WirterOrderTwoLineCell.xib */; };
		18EAE79116702AC300CA6265 /* ShowSelectedResultViewController.m in Sources */ = {isa = PBXBuildFile; fileRef = 18EAE78F16702AC300CA6265 /* ShowSelectedResultViewController.m */; };
		18EAE79216702AC300CA6265 /* ShowSelectedResultViewController.xib in Resources */ = {isa = PBXBuildFile; fileRef = 18EAE79016702AC300CA6265 /* ShowSelectedResultViewController.xib */; };
		18EAE79716703B3800CA6265 /* SelectResultCell.m in Sources */ = {isa = PBXBuildFile; fileRef = 18EAE79616703B3800CA6265 /* SelectResultCell.m */; };
		18EAE79916703B7400CA6265 /* SelectResultCell.xib in Resources */ = {isa = PBXBuildFile; fileRef = 18EAE79816703B7400CA6265 /* SelectResultCell.xib */; };
		18EAE7B016705F7300CA6265 /* CustomTableView.m in Sources */ = {isa = PBXBuildFile; fileRef = 18EAE7AF16705F7300CA6265 /* CustomTableView.m */; };
		18EAE7B316705F9E00CA6265 /* CustomTableView.xib in Resources */ = {isa = PBXBuildFile; fileRef = 18EAE7B216705F9E00CA6265 /* CustomTableView.xib */; };
		18EAE7BA1670699B00CA6265 /* CustomTableViewCell.m in Sources */ = {isa = PBXBuildFile; fileRef = 18EAE7B91670699B00CA6265 /* CustomTableViewCell.m */; };
		18EAE7BC167069E000CA6265 /* CustomTableViewCell.xib in Resources */ = {isa = PBXBuildFile; fileRef = 18EAE7BB167069E000CA6265 /* CustomTableViewCell.xib */; };
		18EAE7C516707ED600CA6265 /* WriteOrderViewController.m in Sources */ = {isa = PBXBuildFile; fileRef = 18EAE7C316707ED500CA6265 /* WriteOrderViewController.m */; };
		18EAE7C616707ED600CA6265 /* WriteOrderViewController.xib in Resources */ = {isa = PBXBuildFile; fileRef = 18EAE7C416707ED500CA6265 /* WriteOrderViewController.xib */; };
		18EAE7C91670874E00CA6265 /* WriteOrderCell.m in Sources */ = {isa = PBXBuildFile; fileRef = 18EAE7C81670874E00CA6265 /* WriteOrderCell.m */; };
		18EAE7CB1670876900CA6265 /* WriteOrderCell.xib in Resources */ = {isa = PBXBuildFile; fileRef = 18EAE7CA1670876800CA6265 /* WriteOrderCell.xib */; };
		18EAE7CE16708BFC00CA6265 /* WriteOrderDetailsCell.m in Sources */ = {isa = PBXBuildFile; fileRef = 18EAE7CD16708BFB00CA6265 /* WriteOrderDetailsCell.m */; };
		18EAE7D016708C0F00CA6265 /* WriteOrderDetailsCell.xib in Resources */ = {isa = PBXBuildFile; fileRef = 18EAE7CF16708C0F00CA6265 /* WriteOrderDetailsCell.xib */; };
/* End PBXBuildFile section */

/* Begin PBXFileReference section */
		142793571670351F00E2E1E3 /* UIQuickHelp.h */ = {isa = PBXFileReference; fileEncoding = 4; lastKnownFileType = sourcecode.c.h; path = UIQuickHelp.h; sourceTree = "<group>"; };
		142793581670351F00E2E1E3 /* UIQuickHelp.m */ = {isa = PBXFileReference; fileEncoding = 4; lastKnownFileType = sourcecode.c.objc; path = UIQuickHelp.m; sourceTree = "<group>"; };
		1427935A1670361C00E2E1E3 /* QuartzCore.framework */ = {isa = PBXFileReference; lastKnownFileType = wrapper.framework; name = QuartzCore.framework; path = System/Library/Frameworks/QuartzCore.framework; sourceTree = SDKROOT; };
		1427935C167039BB00E2E1E3 /* MyCenterController.h */ = {isa = PBXFileReference; fileEncoding = 4; lastKnownFileType = sourcecode.c.h; path = MyCenterController.h; sourceTree = "<group>"; };
		1427935D167039BB00E2E1E3 /* MyCenterController.m */ = {isa = PBXFileReference; fileEncoding = 4; lastKnownFileType = sourcecode.c.objc; path = MyCenterController.m; sourceTree = "<group>"; };
		1427935E167039BB00E2E1E3 /* MyCenterController.xib */ = {isa = PBXFileReference; fileEncoding = 4; lastKnownFileType = file.xib; path = MyCenterController.xib; sourceTree = "<group>"; };
		142793691670412F00E2E1E3 /* BuyInsuranceViewController.h */ = {isa = PBXFileReference; fileEncoding = 4; lastKnownFileType = sourcecode.c.h; path = BuyInsuranceViewController.h; sourceTree = "<group>"; };
		1427936A1670412F00E2E1E3 /* BuyInsuranceViewController.m */ = {isa = PBXFileReference; fileEncoding = 4; lastKnownFileType = sourcecode.c.objc; path = BuyInsuranceViewController.m; sourceTree = "<group>"; };
		1427936B1670412F00E2E1E3 /* BuyInsuranceViewController.xib */ = {isa = PBXFileReference; fileEncoding = 4; lastKnownFileType = file.xib; path = BuyInsuranceViewController.xib; sourceTree = "<group>"; };
		1427937A16706AB100E2E1E3 /* ChooseSpaceViewController.h */ = {isa = PBXFileReference; fileEncoding = 4; lastKnownFileType = sourcecode.c.h; path = ChooseSpaceViewController.h; sourceTree = "<group>"; };
		1427937B16706AB100E2E1E3 /* ChooseSpaceViewController.m */ = {isa = PBXFileReference; fileEncoding = 4; lastKnownFileType = sourcecode.c.objc; path = ChooseSpaceViewController.m; sourceTree = "<group>"; };
		1427937C16706AB100E2E1E3 /* ChooseSpaceViewController.xib */ = {isa = PBXFileReference; fileEncoding = 4; lastKnownFileType = file.xib; path = ChooseSpaceViewController.xib; sourceTree = "<group>"; };
		142793811670792500E2E1E3 /* line.png */ = {isa = PBXFileReference; lastKnownFileType = image.png; path = line.png; sourceTree = "<group>"; };
		145394E5166F220D00417F61 /* MyFlight2.0.app */ = {isa = PBXFileReference; explicitFileType = wrapper.application; includeInIndex = 0; path = MyFlight2.0.app; sourceTree = BUILT_PRODUCTS_DIR; };
		145394E9166F220D00417F61 /* UIKit.framework */ = {isa = PBXFileReference; lastKnownFileType = wrapper.framework; name = UIKit.framework; path = System/Library/Frameworks/UIKit.framework; sourceTree = SDKROOT; };
		145394EB166F220D00417F61 /* Foundation.framework */ = {isa = PBXFileReference; lastKnownFileType = wrapper.framework; name = Foundation.framework; path = System/Library/Frameworks/Foundation.framework; sourceTree = SDKROOT; };
		145394ED166F220D00417F61 /* CoreGraphics.framework */ = {isa = PBXFileReference; lastKnownFileType = wrapper.framework; name = CoreGraphics.framework; path = System/Library/Frameworks/CoreGraphics.framework; sourceTree = SDKROOT; };
		145394F1166F220D00417F61 /* MyFlight2.0-Info.plist */ = {isa = PBXFileReference; lastKnownFileType = text.plist.xml; path = "MyFlight2.0-Info.plist"; sourceTree = "<group>"; };
		145394F3166F220D00417F61 /* en */ = {isa = PBXFileReference; lastKnownFileType = text.plist.strings; name = en; path = en.lproj/InfoPlist.strings; sourceTree = "<group>"; };
		145394F5166F220E00417F61 /* main.m */ = {isa = PBXFileReference; lastKnownFileType = sourcecode.c.objc; path = main.m; sourceTree = "<group>"; };
		145394F7166F220E00417F61 /* MyFlight2.0-Prefix.pch */ = {isa = PBXFileReference; lastKnownFileType = sourcecode.c.h; path = "MyFlight2.0-Prefix.pch"; sourceTree = "<group>"; };
		145394F8166F220E00417F61 /* AppDelegate.h */ = {isa = PBXFileReference; lastKnownFileType = sourcecode.c.h; path = AppDelegate.h; sourceTree = "<group>"; };
		145394F9166F220E00417F61 /* AppDelegate.m */ = {isa = PBXFileReference; lastKnownFileType = sourcecode.c.objc; path = AppDelegate.m; sourceTree = "<group>"; };
		145394FB166F220E00417F61 /* Default.png */ = {isa = PBXFileReference; lastKnownFileType = image.png; path = Default.png; sourceTree = "<group>"; };
		145394FD166F220E00417F61 /* Default@2x.png */ = {isa = PBXFileReference; lastKnownFileType = image.png; path = "Default@2x.png"; sourceTree = "<group>"; };
		145394FF166F220E00417F61 /* Default-568h@2x.png */ = {isa = PBXFileReference; lastKnownFileType = image.png; path = "Default-568h@2x.png"; sourceTree = "<group>"; };
		14539501166F220E00417F61 /* ViewController.h */ = {isa = PBXFileReference; lastKnownFileType = sourcecode.c.h; path = ViewController.h; sourceTree = "<group>"; };
		14539502166F220E00417F61 /* ViewController.m */ = {isa = PBXFileReference; lastKnownFileType = sourcecode.c.objc; path = ViewController.m; sourceTree = "<group>"; };
		14539505166F220E00417F61 /* en */ = {isa = PBXFileReference; lastKnownFileType = file.xib; name = en; path = en.lproj/ViewController.xib; sourceTree = "<group>"; };
		1453951A166F278000417F61 /* MyCenterViewController.h */ = {isa = PBXFileReference; fileEncoding = 4; lastKnownFileType = sourcecode.c.h; path = MyCenterViewController.h; sourceTree = "<group>"; };
		1453951B166F278000417F61 /* MyCenterViewController.m */ = {isa = PBXFileReference; fileEncoding = 4; lastKnownFileType = sourcecode.c.objc; path = MyCenterViewController.m; sourceTree = "<group>"; };
		1453951C166F278000417F61 /* MyCenterViewController.xib */ = {isa = PBXFileReference; fileEncoding = 4; lastKnownFileType = file.xib; path = MyCenterViewController.xib; sourceTree = "<group>"; };
		18CA7391166F6EA100D7E9A3 /* OneWayCheckViewController.h */ = {isa = PBXFileReference; fileEncoding = 4; lastKnownFileType = sourcecode.c.h; path = OneWayCheckViewController.h; sourceTree = "<group>"; };
		18CA7392166F6EA100D7E9A3 /* OneWayCheckViewController.m */ = {isa = PBXFileReference; fileEncoding = 4; lastKnownFileType = sourcecode.c.objc; path = OneWayCheckViewController.m; sourceTree = "<group>"; };
		18CA7393166F6EA100D7E9A3 /* OneWayCheckViewController.xib */ = {isa = PBXFileReference; fileEncoding = 4; lastKnownFileType = file.xib; path = OneWayCheckViewController.xib; sourceTree = "<group>"; };
		18CA739A166F739200D7E9A3 /* HistroyCheckViewController.h */ = {isa = PBXFileReference; fileEncoding = 4; lastKnownFileType = sourcecode.c.h; path = HistroyCheckViewController.h; sourceTree = "<group>"; };
		18CA739B166F739200D7E9A3 /* HistroyCheckViewController.m */ = {isa = PBXFileReference; fileEncoding = 4; lastKnownFileType = sourcecode.c.objc; path = HistroyCheckViewController.m; sourceTree = "<group>"; };
		18CA739C166F739200D7E9A3 /* HistroyCheckViewController.xib */ = {isa = PBXFileReference; fileEncoding = 4; lastKnownFileType = file.xib; path = HistroyCheckViewController.xib; sourceTree = "<group>"; };
		18D88F571670967400A3B959 /* WriterOrderCommonCell.h */ = {isa = PBXFileReference; fileEncoding = 4; lastKnownFileType = sourcecode.c.h; path = WriterOrderCommonCell.h; sourceTree = "<group>"; };
		18D88F581670967400A3B959 /* WriterOrderCommonCell.m */ = {isa = PBXFileReference; fileEncoding = 4; lastKnownFileType = sourcecode.c.objc; path = WriterOrderCommonCell.m; sourceTree = "<group>"; };
		18D88F5B1670968700A3B959 /* WriterOrderCommonCell.xib */ = {isa = PBXFileReference; fileEncoding = 4; lastKnownFileType = file.xib; path = WriterOrderCommonCell.xib; sourceTree = "<group>"; };
		18D88F6A167099DC00A3B959 /* WirterOrderTwoLineCell.h */ = {isa = PBXFileReference; fileEncoding = 4; lastKnownFileType = sourcecode.c.h; path = WirterOrderTwoLineCell.h; sourceTree = "<group>"; };
		18D88F6B167099DC00A3B959 /* WirterOrderTwoLineCell.m */ = {isa = PBXFileReference; fileEncoding = 4; lastKnownFileType = sourcecode.c.objc; path = WirterOrderTwoLineCell.m; sourceTree = "<group>"; };
		18D88F6D167099EE00A3B959 /* WirterOrderTwoLineCell.xib */ = {isa = PBXFileReference; fileEncoding = 4; lastKnownFileType = file.xib; path = WirterOrderTwoLineCell.xib; sourceTree = "<group>"; };
		18EAE78E16702AC300CA6265 /* ShowSelectedResultViewController.h */ = {isa = PBXFileReference; fileEncoding = 4; lastKnownFileType = sourcecode.c.h; path = ShowSelectedResultViewController.h; sourceTree = "<group>"; };
		18EAE78F16702AC300CA6265 /* ShowSelectedResultViewController.m */ = {isa = PBXFileReference; fileEncoding = 4; lastKnownFileType = sourcecode.c.objc; path = ShowSelectedResultViewController.m; sourceTree = "<group>"; };
		18EAE79016702AC300CA6265 /* ShowSelectedResultViewController.xib */ = {isa = PBXFileReference; fileEncoding = 4; lastKnownFileType = file.xib; path = ShowSelectedResultViewController.xib; sourceTree = "<group>"; };
		18EAE79516703B3800CA6265 /* SelectResultCell.h */ = {isa = PBXFileReference; fileEncoding = 4; lastKnownFileType = sourcecode.c.h; path = SelectResultCell.h; sourceTree = "<group>"; };
		18EAE79616703B3800CA6265 /* SelectResultCell.m */ = {isa = PBXFileReference; fileEncoding = 4; lastKnownFileType = sourcecode.c.objc; path = SelectResultCell.m; sourceTree = "<group>"; };
		18EAE79816703B7400CA6265 /* SelectResultCell.xib */ = {isa = PBXFileReference; fileEncoding = 4; lastKnownFileType = file.xib; path = SelectResultCell.xib; sourceTree = "<group>"; };
		18EAE7AE16705F7300CA6265 /* CustomTableView.h */ = {isa = PBXFileReference; fileEncoding = 4; lastKnownFileType = sourcecode.c.h; path = CustomTableView.h; sourceTree = "<group>"; };
		18EAE7AF16705F7300CA6265 /* CustomTableView.m */ = {isa = PBXFileReference; fileEncoding = 4; lastKnownFileType = sourcecode.c.objc; path = CustomTableView.m; sourceTree = "<group>"; };
		18EAE7B216705F9E00CA6265 /* CustomTableView.xib */ = {isa = PBXFileReference; fileEncoding = 4; lastKnownFileType = file.xib; path = CustomTableView.xib; sourceTree = "<group>"; };
		18EAE7B81670699B00CA6265 /* CustomTableViewCell.h */ = {isa = PBXFileReference; fileEncoding = 4; lastKnownFileType = sourcecode.c.h; path = CustomTableViewCell.h; sourceTree = "<group>"; };
		18EAE7B91670699B00CA6265 /* CustomTableViewCell.m */ = {isa = PBXFileReference; fileEncoding = 4; lastKnownFileType = sourcecode.c.objc; path = CustomTableViewCell.m; sourceTree = "<group>"; };
		18EAE7BB167069E000CA6265 /* CustomTableViewCell.xib */ = {isa = PBXFileReference; fileEncoding = 4; lastKnownFileType = file.xib; path = CustomTableViewCell.xib; sourceTree = "<group>"; };
		18EAE7C216707ED400CA6265 /* WriteOrderViewController.h */ = {isa = PBXFileReference; fileEncoding = 4; lastKnownFileType = sourcecode.c.h; path = WriteOrderViewController.h; sourceTree = "<group>"; };
		18EAE7C316707ED500CA6265 /* WriteOrderViewController.m */ = {isa = PBXFileReference; fileEncoding = 4; lastKnownFileType = sourcecode.c.objc; path = WriteOrderViewController.m; sourceTree = "<group>"; };
		18EAE7C416707ED500CA6265 /* WriteOrderViewController.xib */ = {isa = PBXFileReference; fileEncoding = 4; lastKnownFileType = file.xib; path = WriteOrderViewController.xib; sourceTree = "<group>"; };
		18EAE7C71670874E00CA6265 /* WriteOrderCell.h */ = {isa = PBXFileReference; fileEncoding = 4; lastKnownFileType = sourcecode.c.h; path = WriteOrderCell.h; sourceTree = "<group>"; };
		18EAE7C81670874E00CA6265 /* WriteOrderCell.m */ = {isa = PBXFileReference; fileEncoding = 4; lastKnownFileType = sourcecode.c.objc; path = WriteOrderCell.m; sourceTree = "<group>"; };
		18EAE7CA1670876800CA6265 /* WriteOrderCell.xib */ = {isa = PBXFileReference; fileEncoding = 4; lastKnownFileType = file.xib; path = WriteOrderCell.xib; sourceTree = "<group>"; };
		18EAE7CC16708BFA00CA6265 /* WriteOrderDetailsCell.h */ = {isa = PBXFileReference; fileEncoding = 4; lastKnownFileType = sourcecode.c.h; path = WriteOrderDetailsCell.h; sourceTree = "<group>"; };
		18EAE7CD16708BFB00CA6265 /* WriteOrderDetailsCell.m */ = {isa = PBXFileReference; fileEncoding = 4; lastKnownFileType = sourcecode.c.objc; path = WriteOrderDetailsCell.m; sourceTree = "<group>"; };
		18EAE7CF16708C0F00CA6265 /* WriteOrderDetailsCell.xib */ = {isa = PBXFileReference; fileEncoding = 4; lastKnownFileType = file.xib; path = WriteOrderDetailsCell.xib; sourceTree = "<group>"; };
/* End PBXFileReference section */

/* Begin PBXFrameworksBuildPhase section */
		145394E2166F220D00417F61 /* Frameworks */ = {
			isa = PBXFrameworksBuildPhase;
			buildActionMask = 2147483647;
			files = (
				1427935B1670361C00E2E1E3 /* QuartzCore.framework in Frameworks */,
				145394EA166F220D00417F61 /* UIKit.framework in Frameworks */,
				145394EC166F220D00417F61 /* Foundation.framework in Frameworks */,
				145394EE166F220D00417F61 /* CoreGraphics.framework in Frameworks */,
			);
			runOnlyForDeploymentPostprocessing = 0;
		};
/* End PBXFrameworksBuildPhase section */

/* Begin PBXGroup section */
		14279355167034BC00E2E1E3 /* UIHelper */ = {
			isa = PBXGroup;
			children = (
				142793571670351F00E2E1E3 /* UIQuickHelp.h */,
				142793581670351F00E2E1E3 /* UIQuickHelp.m */,
			);
			name = UIHelper;
			sourceTree = "<group>";
		};
		142793771670699100E2E1E3 /* chooseSpace */ = {
			isa = PBXGroup;
			children = (
				1427937A16706AB100E2E1E3 /* ChooseSpaceViewController.h */,
				1427937B16706AB100E2E1E3 /* ChooseSpaceViewController.m */,
				1427937C16706AB100E2E1E3 /* ChooseSpaceViewController.xib */,
			);
			name = chooseSpace;
			sourceTree = "<group>";
		};
		1427937916706A2700E2E1E3 /* New Group */ = {
			isa = PBXGroup;
			children = (
			);
			name = "New Group";
			sourceTree = "<group>";
		};
		1427937F167078DA00E2E1E3 /* images */ = {
			isa = PBXGroup;
			children = (
				14279380167078FC00E2E1E3 /* publicImages */,
			);
			name = images;
			sourceTree = "<group>";
		};
		14279380167078FC00E2E1E3 /* publicImages */ = {
			isa = PBXGroup;
			children = (
				142793811670792500E2E1E3 /* line.png */,
			);
			name = publicImages;
			sourceTree = "<group>";
		};
		145394DA166F220D00417F61 = {
			isa = PBXGroup;
			children = (
				145394EF166F220D00417F61 /* MyFlight2.0 */,
				145394E8166F220D00417F61 /* Frameworks */,
				145394E6166F220D00417F61 /* Products */,
			);
			sourceTree = "<group>";
		};
		145394E6166F220D00417F61 /* Products */ = {
			isa = PBXGroup;
			children = (
				145394E5166F220D00417F61 /* MyFlight2.0.app */,
			);
			name = Products;
			sourceTree = "<group>";
		};
		145394E8166F220D00417F61 /* Frameworks */ = {
			isa = PBXGroup;
			children = (
				1427935A1670361C00E2E1E3 /* QuartzCore.framework */,
				145394E9166F220D00417F61 /* UIKit.framework */,
				145394EB166F220D00417F61 /* Foundation.framework */,
				145394ED166F220D00417F61 /* CoreGraphics.framework */,
			);
			name = Frameworks;
			sourceTree = "<group>";
		};
		145394EF166F220D00417F61 /* MyFlight2.0 */ = {
			isa = PBXGroup;
			children = (
				1427937F167078DA00E2E1E3 /* images */,
				14279355167034BC00E2E1E3 /* UIHelper */,
				1823C9C4166F243F0079CA3F /* Controller */,
				1823C9C3166F24370079CA3F /* View */,
				1823C9C1166F24240079CA3F /* Model */,
				145394F8166F220E00417F61 /* AppDelegate.h */,
				145394F9166F220E00417F61 /* AppDelegate.m */,
				14539501166F220E00417F61 /* ViewController.h */,
				14539502166F220E00417F61 /* ViewController.m */,
				14539504166F220E00417F61 /* ViewController.xib */,
				145394F0166F220D00417F61 /* Supporting Files */,
			);
			path = MyFlight2.0;
			sourceTree = "<group>";
		};
		145394F0166F220D00417F61 /* Supporting Files */ = {
			isa = PBXGroup;
			children = (
				145394F1166F220D00417F61 /* MyFlight2.0-Info.plist */,
				145394F2166F220D00417F61 /* InfoPlist.strings */,
				145394F5166F220E00417F61 /* main.m */,
				145394F7166F220E00417F61 /* MyFlight2.0-Prefix.pch */,
				145394FB166F220E00417F61 /* Default.png */,
				145394FD166F220E00417F61 /* Default@2x.png */,
				145394FF166F220E00417F61 /* Default-568h@2x.png */,
			);
			name = "Supporting Files";
			sourceTree = "<group>";
		};
		14539518166F271900417F61 /* MyCenter */ = {
			isa = PBXGroup;
			children = (
				1453951A166F278000417F61 /* MyCenterViewController.h */,
				1453951B166F278000417F61 /* MyCenterViewController.m */,
				1453951C166F278000417F61 /* MyCenterViewController.xib */,
				1427935C167039BB00E2E1E3 /* MyCenterController.h */,
				1427935D167039BB00E2E1E3 /* MyCenterController.m */,
				1427935E167039BB00E2E1E3 /* MyCenterController.xib */,
			);
			name = MyCenter;
			sourceTree = "<group>";
		};
		14539523166F2C6800417F61 /* TicketCheck */ = {
			isa = PBXGroup;
			children = (
				1427937916706A2700E2E1E3 /* New Group */,
				142793771670699100E2E1E3 /* chooseSpace */,
				18EAE79416703AA000CA6265 /* cell */,
				18CA7391166F6EA100D7E9A3 /* OneWayCheckViewController.h */,
				18CA7392166F6EA100D7E9A3 /* OneWayCheckViewController.m */,
				18CA7393166F6EA100D7E9A3 /* OneWayCheckViewController.xib */,
				18CA739A166F739200D7E9A3 /* HistroyCheckViewController.h */,
				18CA739B166F739200D7E9A3 /* HistroyCheckViewController.m */,
				18CA739C166F739200D7E9A3 /* HistroyCheckViewController.xib */,
				18EAE78E16702AC300CA6265 /* ShowSelectedResultViewController.h */,
				18EAE78F16702AC300CA6265 /* ShowSelectedResultViewController.m */,
				18EAE79016702AC300CA6265 /* ShowSelectedResultViewController.xib */,
				142793691670412F00E2E1E3 /* BuyInsuranceViewController.h */,
				1427936A1670412F00E2E1E3 /* BuyInsuranceViewController.m */,
				1427936B1670412F00E2E1E3 /* BuyInsuranceViewController.xib */,
				18EAE7C216707ED400CA6265 /* WriteOrderViewController.h */,
				18EAE7C316707ED500CA6265 /* WriteOrderViewController.m */,
				18EAE7C416707ED500CA6265 /* WriteOrderViewController.xib */,
			);
			name = TicketCheck;
			sourceTree = "<group>";
		};
		1823C9C1166F24240079CA3F /* Model */ = {
			isa = PBXGroup;
			children = (
			);
			name = Model;
			sourceTree = "<group>";
		};
		1823C9C3166F24370079CA3F /* View */ = {
			isa = PBXGroup;
			children = (
				18EAE7AE16705F7300CA6265 /* CustomTableView.h */,
				18EAE7AF16705F7300CA6265 /* CustomTableView.m */,
				18EAE7B216705F9E00CA6265 /* CustomTableView.xib */,
				18EAE7B81670699B00CA6265 /* CustomTableViewCell.h */,
				18EAE7B91670699B00CA6265 /* CustomTableViewCell.m */,
				18EAE7BB167069E000CA6265 /* CustomTableViewCell.xib */,
			);
			name = View;
			sourceTree = "<group>";
		};
		1823C9C4166F243F0079CA3F /* Controller */ = {
			isa = PBXGroup;
			children = (
				14539523166F2C6800417F61 /* TicketCheck */,
				14539518166F271900417F61 /* MyCenter */,
			);
			name = Controller;
			sourceTree = "<group>";
		};
		18EAE79416703AA000CA6265 /* cell */ = {
			isa = PBXGroup;
			children = (
				18EAE79516703B3800CA6265 /* SelectResultCell.h */,
				18EAE79616703B3800CA6265 /* SelectResultCell.m */,
				18EAE79816703B7400CA6265 /* SelectResultCell.xib */,
				18EAE7C71670874E00CA6265 /* WriteOrderCell.h */,
				18EAE7C81670874E00CA6265 /* WriteOrderCell.m */,
				18EAE7CA1670876800CA6265 /* WriteOrderCell.xib */,
				18EAE7CC16708BFA00CA6265 /* WriteOrderDetailsCell.h */,
				18EAE7CD16708BFB00CA6265 /* WriteOrderDetailsCell.m */,
				18EAE7CF16708C0F00CA6265 /* WriteOrderDetailsCell.xib */,
				18D88F571670967400A3B959 /* WriterOrderCommonCell.h */,
				18D88F581670967400A3B959 /* WriterOrderCommonCell.m */,
				18D88F5B1670968700A3B959 /* WriterOrderCommonCell.xib */,
				18D88F6A167099DC00A3B959 /* WirterOrderTwoLineCell.h */,
				18D88F6B167099DC00A3B959 /* WirterOrderTwoLineCell.m */,
				18D88F6D167099EE00A3B959 /* WirterOrderTwoLineCell.xib */,
			);
			name = cell;
			sourceTree = "<group>";
		};
/* End PBXGroup section */

/* Begin PBXNativeTarget section */
		145394E4166F220D00417F61 /* MyFlight2.0 */ = {
			isa = PBXNativeTarget;
			buildConfigurationList = 14539509166F220E00417F61 /* Build configuration list for PBXNativeTarget "MyFlight2.0" */;
			buildPhases = (
				145394E1166F220D00417F61 /* Sources */,
				145394E2166F220D00417F61 /* Frameworks */,
				145394E3166F220D00417F61 /* Resources */,
			);
			buildRules = (
			);
			dependencies = (
			);
			name = MyFlight2.0;
			productName = MyFlight2.0;
			productReference = 145394E5166F220D00417F61 /* MyFlight2.0.app */;
			productType = "com.apple.product-type.application";
		};
/* End PBXNativeTarget section */

/* Begin PBXProject section */
		145394DC166F220D00417F61 /* Project object */ = {
			isa = PBXProject;
			attributes = {
				LastUpgradeCheck = 0450;
				ORGANIZATIONNAME = "LIAN YOU";
			};
			buildConfigurationList = 145394DF166F220D00417F61 /* Build configuration list for PBXProject "MyFlight2.0" */;
			compatibilityVersion = "Xcode 3.2";
			developmentRegion = English;
			hasScannedForEncodings = 0;
			knownRegions = (
				en,
			);
			mainGroup = 145394DA166F220D00417F61;
			productRefGroup = 145394E6166F220D00417F61 /* Products */;
			projectDirPath = "";
			projectRoot = "";
			targets = (
				145394E4166F220D00417F61 /* MyFlight2.0 */,
			);
		};
/* End PBXProject section */

/* Begin PBXResourcesBuildPhase section */
		145394E3166F220D00417F61 /* Resources */ = {
			isa = PBXResourcesBuildPhase;
			buildActionMask = 2147483647;
			files = (
				145394F4166F220D00417F61 /* InfoPlist.strings in Resources */,
				145394FC166F220E00417F61 /* Default.png in Resources */,
				145394FE166F220E00417F61 /* Default@2x.png in Resources */,
				14539500166F220E00417F61 /* Default-568h@2x.png in Resources */,
				14539506166F220E00417F61 /* ViewController.xib in Resources */,
				1453951E166F278000417F61 /* MyCenterViewController.xib in Resources */,
				18CA7395166F6EA100D7E9A3 /* OneWayCheckViewController.xib in Resources */,
				18CA739E166F739200D7E9A3 /* HistroyCheckViewController.xib in Resources */,
				18EAE79216702AC300CA6265 /* ShowSelectedResultViewController.xib in Resources */,
				18EAE79916703B7400CA6265 /* SelectResultCell.xib in Resources */,
				14279360167039BB00E2E1E3 /* MyCenterController.xib in Resources */,
				1427936D1670412F00E2E1E3 /* BuyInsuranceViewController.xib in Resources */,
				18EAE7B316705F9E00CA6265 /* CustomTableView.xib in Resources */,
				18EAE7BC167069E000CA6265 /* CustomTableViewCell.xib in Resources */,
				18EAE7C616707ED600CA6265 /* WriteOrderViewController.xib in Resources */,
				18EAE7CB1670876900CA6265 /* WriteOrderCell.xib in Resources */,
				18EAE7D016708C0F00CA6265 /* WriteOrderDetailsCell.xib in Resources */,
				1427937E16706AB100E2E1E3 /* ChooseSpaceViewController.xib in Resources */,
				142793821670792500E2E1E3 /* line.png in Resources */,
				18D88F5C1670968700A3B959 /* WriterOrderCommonCell.xib in Resources */,
				18D88F6E167099EF00A3B959 /* WirterOrderTwoLineCell.xib in Resources */,
			);
			runOnlyForDeploymentPostprocessing = 0;
		};
/* End PBXResourcesBuildPhase section */

/* Begin PBXSourcesBuildPhase section */
		145394E1166F220D00417F61 /* Sources */ = {
			isa = PBXSourcesBuildPhase;
			buildActionMask = 2147483647;
			files = (
				145394F6166F220E00417F61 /* main.m in Sources */,
				145394FA166F220E00417F61 /* AppDelegate.m in Sources */,
				14539503166F220E00417F61 /* ViewController.m in Sources */,
				1453951D166F278000417F61 /* MyCenterViewController.m in Sources */,
				18CA7394166F6EA100D7E9A3 /* OneWayCheckViewController.m in Sources */,
				18CA739D166F739200D7E9A3 /* HistroyCheckViewController.m in Sources */,
				18EAE79116702AC300CA6265 /* ShowSelectedResultViewController.m in Sources */,
				18EAE79716703B3800CA6265 /* SelectResultCell.m in Sources */,
				142793591670351F00E2E1E3 /* UIQuickHelp.m in Sources */,
				1427935F167039BB00E2E1E3 /* MyCenterController.m in Sources */,
				1427936C1670412F00E2E1E3 /* BuyInsuranceViewController.m in Sources */,
				18EAE7B016705F7300CA6265 /* CustomTableView.m in Sources */,
				18EAE7BA1670699B00CA6265 /* CustomTableViewCell.m in Sources */,
				18EAE7C516707ED600CA6265 /* WriteOrderViewController.m in Sources */,
				18EAE7C91670874E00CA6265 /* WriteOrderCell.m in Sources */,
				18EAE7CE16708BFC00CA6265 /* WriteOrderDetailsCell.m in Sources */,
				1427937D16706AB100E2E1E3 /* ChooseSpaceViewController.m in Sources */,
				18D88F591670967400A3B959 /* WriterOrderCommonCell.m in Sources */,
				18D88F6C167099DC00A3B959 /* WirterOrderTwoLineCell.m in Sources */,
			);
			runOnlyForDeploymentPostprocessing = 0;
		};
/* End PBXSourcesBuildPhase section */

/* Begin PBXVariantGroup section */
		145394F2166F220D00417F61 /* InfoPlist.strings */ = {
			isa = PBXVariantGroup;
			children = (
				145394F3166F220D00417F61 /* en */,
			);
			name = InfoPlist.strings;
			sourceTree = "<group>";
		};
		14539504166F220E00417F61 /* ViewController.xib */ = {
			isa = PBXVariantGroup;
			children = (
				14539505166F220E00417F61 /* en */,
			);
			name = ViewController.xib;
			sourceTree = "<group>";
		};
/* End PBXVariantGroup section */

/* Begin XCBuildConfiguration section */
		14539507166F220E00417F61 /* Debug */ = {
			isa = XCBuildConfiguration;
			buildSettings = {
				ALWAYS_SEARCH_USER_PATHS = NO;
				CLANG_CXX_LANGUAGE_STANDARD = "gnu++0x";
				CLANG_CXX_LIBRARY = "libc++";
				CLANG_WARN_EMPTY_BODY = YES;
				CLANG_WARN__DUPLICATE_METHOD_MATCH = YES;
				"CODE_SIGN_IDENTITY[sdk=iphoneos*]" = "iPhone Developer";
				COPY_PHASE_STRIP = NO;
				GCC_C_LANGUAGE_STANDARD = gnu99;
				GCC_DYNAMIC_NO_PIC = NO;
				GCC_OPTIMIZATION_LEVEL = 0;
				GCC_PREPROCESSOR_DEFINITIONS = (
					"DEBUG=1",
					"$(inherited)",
				);
				GCC_SYMBOLS_PRIVATE_EXTERN = NO;
				GCC_WARN_ABOUT_RETURN_TYPE = YES;
				GCC_WARN_UNINITIALIZED_AUTOS = YES;
				GCC_WARN_UNUSED_VARIABLE = YES;
				IPHONEOS_DEPLOYMENT_TARGET = 6.0;
				ONLY_ACTIVE_ARCH = YES;
				SDKROOT = iphoneos;
			};
			name = Debug;
		};
		14539508166F220E00417F61 /* Release */ = {
			isa = XCBuildConfiguration;
			buildSettings = {
				ALWAYS_SEARCH_USER_PATHS = NO;
				CLANG_CXX_LANGUAGE_STANDARD = "gnu++0x";
				CLANG_CXX_LIBRARY = "libc++";
				CLANG_WARN_EMPTY_BODY = YES;
				CLANG_WARN__DUPLICATE_METHOD_MATCH = YES;
				"CODE_SIGN_IDENTITY[sdk=iphoneos*]" = "iPhone Developer";
				COPY_PHASE_STRIP = YES;
				GCC_C_LANGUAGE_STANDARD = gnu99;
				GCC_WARN_ABOUT_RETURN_TYPE = YES;
				GCC_WARN_UNINITIALIZED_AUTOS = YES;
				GCC_WARN_UNUSED_VARIABLE = YES;
				IPHONEOS_DEPLOYMENT_TARGET = 6.0;
				OTHER_CFLAGS = "-DNS_BLOCK_ASSERTIONS=1";
				SDKROOT = iphoneos;
				VALIDATE_PRODUCT = YES;
			};
			name = Release;
		};
		1453950A166F220E00417F61 /* Debug */ = {
			isa = XCBuildConfiguration;
			buildSettings = {
				GCC_PRECOMPILE_PREFIX_HEADER = YES;
				GCC_PREFIX_HEADER = "MyFlight2.0/MyFlight2.0-Prefix.pch";
				INFOPLIST_FILE = "MyFlight2.0/MyFlight2.0-Info.plist";
				IPHONEOS_DEPLOYMENT_TARGET = 4.3;
				PRODUCT_NAME = "$(TARGET_NAME)";
				WRAPPER_EXTENSION = app;
			};
			name = Debug;
		};
		1453950B166F220E00417F61 /* Release */ = {
			isa = XCBuildConfiguration;
			buildSettings = {
				GCC_PRECOMPILE_PREFIX_HEADER = YES;
				GCC_PREFIX_HEADER = "MyFlight2.0/MyFlight2.0-Prefix.pch";
				INFOPLIST_FILE = "MyFlight2.0/MyFlight2.0-Info.plist";
				IPHONEOS_DEPLOYMENT_TARGET = 4.3;
				PRODUCT_NAME = "$(TARGET_NAME)";
				WRAPPER_EXTENSION = app;
			};
			name = Release;
		};
/* End XCBuildConfiguration section */

/* Begin XCConfigurationList section */
		145394DF166F220D00417F61 /* Build configuration list for PBXProject "MyFlight2.0" */ = {
			isa = XCConfigurationList;
			buildConfigurations = (
				14539507166F220E00417F61 /* Debug */,
				14539508166F220E00417F61 /* Release */,
			);
			defaultConfigurationIsVisible = 0;
			defaultConfigurationName = Release;
		};
		14539509166F220E00417F61 /* Build configuration list for PBXNativeTarget "MyFlight2.0" */ = {
			isa = XCConfigurationList;
			buildConfigurations = (
				1453950A166F220E00417F61 /* Debug */,
				1453950B166F220E00417F61 /* Release */,
			);
			defaultConfigurationIsVisible = 0;
			defaultConfigurationName = Release;
		};
/* End XCConfigurationList section */
	};
	rootObject = 145394DC166F220D00417F61 /* Project object */;
}
